// !$*UTF8*$!
{
	archiveVersion = 1;
	classes = {
	};
	objectVersion = 46;
	objects = {

/* Begin PBXBuildFile section */
		4E091CFB155CC59300AE7444 /* Storyboard.storyboard in Resources */ = {isa = PBXBuildFile; fileRef = 4E091CFA155CC59300AE7444 /* Storyboard.storyboard */; };
		4E817FD2155C92E800FAF13A /* UIKit.framework in Frameworks */ = {isa = PBXBuildFile; fileRef = 4E817FD1155C92E800FAF13A /* UIKit.framework */; };
		4E817FD4155C92E800FAF13A /* Foundation.framework in Frameworks */ = {isa = PBXBuildFile; fileRef = 4E817FD3155C92E800FAF13A /* Foundation.framework */; };
		4E817FD6155C92E800FAF13A /* CoreGraphics.framework in Frameworks */ = {isa = PBXBuildFile; fileRef = 4E817FD5155C92E800FAF13A /* CoreGraphics.framework */; };
		4E817FD8155C92E800FAF13A /* CoreData.framework in Frameworks */ = {isa = PBXBuildFile; fileRef = 4E817FD7155C92E800FAF13A /* CoreData.framework */; };
		4E817FDE155C92E800FAF13A /* InfoPlist.strings in Resources */ = {isa = PBXBuildFile; fileRef = 4E817FDC155C92E800FAF13A /* InfoPlist.strings */; };
		4E817FE0155C92E800FAF13A /* main.m in Sources */ = {isa = PBXBuildFile; fileRef = 4E817FDF155C92E800FAF13A /* main.m */; };
		4E817FE4155C92E800FAF13A /* AppDelegate.m in Sources */ = {isa = PBXBuildFile; fileRef = 4E817FE3155C92E800FAF13A /* AppDelegate.m */; };
		4E817FEA155C92E800FAF13A /* OfflineView.xcdatamodeld in Sources */ = {isa = PBXBuildFile; fileRef = 4E817FE8155C92E800FAF13A /* OfflineView.xcdatamodeld */; };
		4E817FED155C92E800FAF13A /* MasterViewController.m in Sources */ = {isa = PBXBuildFile; fileRef = 4E817FEC155C92E800FAF13A /* MasterViewController.m */; };
		4E817FF0155C92E800FAF13A /* DetailViewController.m in Sources */ = {isa = PBXBuildFile; fileRef = 4E817FEF155C92E800FAF13A /* DetailViewController.m */; };
		4E817FF8155C92E800FAF13A /* SenTestingKit.framework in Frameworks */ = {isa = PBXBuildFile; fileRef = 4E817FF7155C92E800FAF13A /* SenTestingKit.framework */; };
		4E817FF9155C92E800FAF13A /* UIKit.framework in Frameworks */ = {isa = PBXBuildFile; fileRef = 4E817FD1155C92E800FAF13A /* UIKit.framework */; };
		4E817FFA155C92E800FAF13A /* Foundation.framework in Frameworks */ = {isa = PBXBuildFile; fileRef = 4E817FD3155C92E800FAF13A /* Foundation.framework */; };
		4E817FFB155C92E800FAF13A /* CoreData.framework in Frameworks */ = {isa = PBXBuildFile; fileRef = 4E817FD7155C92E800FAF13A /* CoreData.framework */; };
		4E818003155C92E800FAF13A /* InfoPlist.strings in Resources */ = {isa = PBXBuildFile; fileRef = 4E818001155C92E800FAF13A /* InfoPlist.strings */; };
		4E818006155C92E800FAF13A /* OfflineViewTests.m in Sources */ = {isa = PBXBuildFile; fileRef = 4E818005155C92E800FAF13A /* OfflineViewTests.m */; };
		4E818029155C945400FAF13A /* HeaderView.m in Sources */ = {isa = PBXBuildFile; fileRef = 4E818028155C945400FAF13A /* HeaderView.m */; };
		4E81802E155C948200FAF13A /* PostTweetLogic.m in Sources */ = {isa = PBXBuildFile; fileRef = 4E81802D155C948200FAF13A /* PostTweetLogic.m */; };
		4E818031155C949400FAF13A /* start.png in Resources */ = {isa = PBXBuildFile; fileRef = 4E818030155C949400FAF13A /* start.png */; };
		4E818034155C94A000FAF13A /* StartViewController.m in Sources */ = {isa = PBXBuildFile; fileRef = 4E818033155C94A000FAF13A /* StartViewController.m */; };
		4E818039155C94B700FAF13A /* TweetViewController.m in Sources */ = {isa = PBXBuildFile; fileRef = 4E818038155C94B700FAF13A /* TweetViewController.m */; };
		4E818040155C94C100FAF13A /* TwitterOAuthLogic.m in Sources */ = {isa = PBXBuildFile; fileRef = 4E81803B155C94C100FAF13A /* TwitterOAuthLogic.m */; };
		4E818041155C94C100FAF13A /* TwitterPublicSyncLogic.m in Sources */ = {isa = PBXBuildFile; fileRef = 4E81803D155C94C100FAF13A /* TwitterPublicSyncLogic.m */; };
		4E818042155C94C100FAF13A /* TwitterTimeLineLogic.m in Sources */ = {isa = PBXBuildFile; fileRef = 4E81803F155C94C100FAF13A /* TwitterTimeLineLogic.m */; };
		4E818045155C94CE00FAF13A /* WebViewController.m in Sources */ = {isa = PBXBuildFile; fileRef = 4E818044155C94CE00FAF13A /* WebViewController.m */; };
		4E818055155C956C00FAF13A /* libRestKit.a in Frameworks */ = {isa = PBXBuildFile; fileRef = 4E81801B155C941300FAF13A /* libRestKit.a */; };
		4E81805E155C956C00FAF13A /* CFNetwork.framework in Frameworks */ = {isa = PBXBuildFile; fileRef = 4E818057155C956C00FAF13A /* CFNetwork.framework */; };
		4E81805F155C956C00FAF13A /* iAd.framework in Frameworks */ = {isa = PBXBuildFile; fileRef = 4E818058155C956C00FAF13A /* iAd.framework */; };
		4E818060155C956C00FAF13A /* libxml2.dylib in Frameworks */ = {isa = PBXBuildFile; fileRef = 4E818059155C956C00FAF13A /* libxml2.dylib */; };
		4E818061155C956C00FAF13A /* QuartzCore.framework in Frameworks */ = {isa = PBXBuildFile; fileRef = 4E81805A155C956C00FAF13A /* QuartzCore.framework */; };
		4E818062155C956C00FAF13A /* Security.framework in Frameworks */ = {isa = PBXBuildFile; fileRef = 4E81805B155C956C00FAF13A /* Security.framework */; };
		4E818063155C956C00FAF13A /* SystemConfiguration.framework in Frameworks */ = {isa = PBXBuildFile; fileRef = 4E81805C155C956C00FAF13A /* SystemConfiguration.framework */; };
		4E818064155C956C00FAF13A /* Twitter.framework in Frameworks */ = {isa = PBXBuildFile; fileRef = 4E81805D155C956C00FAF13A /* Twitter.framework */; };
		4E818065155C959400FAF13A /* WebViewController.m in Sources */ = {isa = PBXBuildFile; fileRef = 4E818044155C94CE00FAF13A /* WebViewController.m */; };
		4E818066155C959400FAF13A /* TweetViewController.m in Sources */ = {isa = PBXBuildFile; fileRef = 4E818038155C94B700FAF13A /* TweetViewController.m */; };
		4E818067155C959400FAF13A /* StartViewController.m in Sources */ = {isa = PBXBuildFile; fileRef = 4E818033155C94A000FAF13A /* StartViewController.m */; };
		4E818068155C959400FAF13A /* TwitterOAuthLogic.m in Sources */ = {isa = PBXBuildFile; fileRef = 4E81803B155C94C100FAF13A /* TwitterOAuthLogic.m */; };
		4E818069155C959400FAF13A /* TwitterPublicSyncLogic.m in Sources */ = {isa = PBXBuildFile; fileRef = 4E81803D155C94C100FAF13A /* TwitterPublicSyncLogic.m */; };
		4E81806A155C959400FAF13A /* TwitterTimeLineLogic.m in Sources */ = {isa = PBXBuildFile; fileRef = 4E81803F155C94C100FAF13A /* TwitterTimeLineLogic.m */; };
		4E81806B155C959400FAF13A /* PostTweetLogic.m in Sources */ = {isa = PBXBuildFile; fileRef = 4E81802D155C948200FAF13A /* PostTweetLogic.m */; };
		4E81806C155C959400FAF13A /* HeaderView.m in Sources */ = {isa = PBXBuildFile; fileRef = 4E818028155C945400FAF13A /* HeaderView.m */; };
		4E818077155C95CC00FAF13A /* GTMHTTPFetcher.m in Sources */ = {isa = PBXBuildFile; fileRef = 4E81806F155C95CC00FAF13A /* GTMHTTPFetcher.m */; };
		4E818078155C95CC00FAF13A /* GTMOAuthAuthentication.m in Sources */ = {isa = PBXBuildFile; fileRef = 4E818071155C95CC00FAF13A /* GTMOAuthAuthentication.m */; };
		4E818079155C95CC00FAF13A /* GTMOAuthSignIn.m in Sources */ = {isa = PBXBuildFile; fileRef = 4E818073155C95CC00FAF13A /* GTMOAuthSignIn.m */; };
		4E81807A155C95CC00FAF13A /* GTMOAuthViewControllerTouch.m in Sources */ = {isa = PBXBuildFile; fileRef = 4E818075155C95CC00FAF13A /* GTMOAuthViewControllerTouch.m */; };
		4E81807B155C95CC00FAF13A /* GTMOAuthViewTouch.xib in Resources */ = {isa = PBXBuildFile; fileRef = 4E818076155C95CC00FAF13A /* GTMOAuthViewTouch.xib */; };
		4E818096155C95DC00FAF13A /* NSObject+SBJson.m in Sources */ = {isa = PBXBuildFile; fileRef = 4E81807E155C95DC00FAF13A /* NSObject+SBJson.m */; };
		4E818097155C95DC00FAF13A /* SBJsonParser.m in Sources */ = {isa = PBXBuildFile; fileRef = 4E818081155C95DC00FAF13A /* SBJsonParser.m */; };
		4E818098155C95DC00FAF13A /* SBJsonStreamParser.m in Sources */ = {isa = PBXBuildFile; fileRef = 4E818083155C95DC00FAF13A /* SBJsonStreamParser.m */; };
		4E818099155C95DC00FAF13A /* SBJsonStreamParserAccumulator.m in Sources */ = {isa = PBXBuildFile; fileRef = 4E818085155C95DC00FAF13A /* SBJsonStreamParserAccumulator.m */; };
		4E81809A155C95DC00FAF13A /* SBJsonStreamParserAdapter.m in Sources */ = {isa = PBXBuildFile; fileRef = 4E818087155C95DC00FAF13A /* SBJsonStreamParserAdapter.m */; };
		4E81809B155C95DC00FAF13A /* SBJsonStreamParserState.m in Sources */ = {isa = PBXBuildFile; fileRef = 4E818089155C95DC00FAF13A /* SBJsonStreamParserState.m */; };
		4E81809C155C95DC00FAF13A /* SBJsonStreamWriter.m in Sources */ = {isa = PBXBuildFile; fileRef = 4E81808B155C95DC00FAF13A /* SBJsonStreamWriter.m */; };
		4E81809D155C95DC00FAF13A /* SBJsonStreamWriterAccumulator.m in Sources */ = {isa = PBXBuildFile; fileRef = 4E81808D155C95DC00FAF13A /* SBJsonStreamWriterAccumulator.m */; };
		4E81809E155C95DC00FAF13A /* SBJsonStreamWriterState.m in Sources */ = {isa = PBXBuildFile; fileRef = 4E81808F155C95DC00FAF13A /* SBJsonStreamWriterState.m */; };
		4E81809F155C95DC00FAF13A /* SBJsonTokeniser.m in Sources */ = {isa = PBXBuildFile; fileRef = 4E818091155C95DC00FAF13A /* SBJsonTokeniser.m */; };
		4E8180A0155C95DC00FAF13A /* SBJsonUTF8Stream.m in Sources */ = {isa = PBXBuildFile; fileRef = 4E818093155C95DC00FAF13A /* SBJsonUTF8Stream.m */; };
		4E8180A1155C95DC00FAF13A /* SBJsonWriter.m in Sources */ = {isa = PBXBuildFile; fileRef = 4E818095155C95DC00FAF13A /* SBJsonWriter.m */; };
		4E8180A2155CC0C400FAF13A /* NSObject+SBJson.m in Sources */ = {isa = PBXBuildFile; fileRef = 4E81807E155C95DC00FAF13A /* NSObject+SBJson.m */; };
		4E8180A3155CC0C400FAF13A /* SBJsonParser.m in Sources */ = {isa = PBXBuildFile; fileRef = 4E818081155C95DC00FAF13A /* SBJsonParser.m */; };
		4E8180A4155CC0C400FAF13A /* SBJsonStreamParser.m in Sources */ = {isa = PBXBuildFile; fileRef = 4E818083155C95DC00FAF13A /* SBJsonStreamParser.m */; };
		4E8180A5155CC0C400FAF13A /* SBJsonStreamParserAccumulator.m in Sources */ = {isa = PBXBuildFile; fileRef = 4E818085155C95DC00FAF13A /* SBJsonStreamParserAccumulator.m */; };
		4E8180A6155CC0C400FAF13A /* SBJsonStreamParserAdapter.m in Sources */ = {isa = PBXBuildFile; fileRef = 4E818087155C95DC00FAF13A /* SBJsonStreamParserAdapter.m */; };
		4E8180A7155CC0C400FAF13A /* SBJsonStreamParserState.m in Sources */ = {isa = PBXBuildFile; fileRef = 4E818089155C95DC00FAF13A /* SBJsonStreamParserState.m */; };
		4E8180A8155CC0C400FAF13A /* SBJsonStreamWriter.m in Sources */ = {isa = PBXBuildFile; fileRef = 4E81808B155C95DC00FAF13A /* SBJsonStreamWriter.m */; };
		4E8180A9155CC0C400FAF13A /* SBJsonStreamWriterAccumulator.m in Sources */ = {isa = PBXBuildFile; fileRef = 4E81808D155C95DC00FAF13A /* SBJsonStreamWriterAccumulator.m */; };
		4E8180AA155CC0C400FAF13A /* SBJsonStreamWriterState.m in Sources */ = {isa = PBXBuildFile; fileRef = 4E81808F155C95DC00FAF13A /* SBJsonStreamWriterState.m */; };
		4E8180AB155CC0C400FAF13A /* SBJsonTokeniser.m in Sources */ = {isa = PBXBuildFile; fileRef = 4E818091155C95DC00FAF13A /* SBJsonTokeniser.m */; };
		4E8180AC155CC0C400FAF13A /* SBJsonUTF8Stream.m in Sources */ = {isa = PBXBuildFile; fileRef = 4E818093155C95DC00FAF13A /* SBJsonUTF8Stream.m */; };
		4E8180AD155CC0C400FAF13A /* SBJsonWriter.m in Sources */ = {isa = PBXBuildFile; fileRef = 4E818095155C95DC00FAF13A /* SBJsonWriter.m */; };
		4E8180AE155CC0C400FAF13A /* GTMHTTPFetcher.m in Sources */ = {isa = PBXBuildFile; fileRef = 4E81806F155C95CC00FAF13A /* GTMHTTPFetcher.m */; settings = {COMPILER_FLAGS = "-fno-objc-arc"; }; };
		4E8180AF155CC0C400FAF13A /* GTMOAuthAuthentication.m in Sources */ = {isa = PBXBuildFile; fileRef = 4E818071155C95CC00FAF13A /* GTMOAuthAuthentication.m */; settings = {COMPILER_FLAGS = "-fno-objc-arc"; }; };
		4E8180B0155CC0C400FAF13A /* GTMOAuthSignIn.m in Sources */ = {isa = PBXBuildFile; fileRef = 4E818073155C95CC00FAF13A /* GTMOAuthSignIn.m */; settings = {COMPILER_FLAGS = "-fno-objc-arc"; }; };
		4E8180B1155CC0C400FAF13A /* GTMOAuthViewControllerTouch.m in Sources */ = {isa = PBXBuildFile; fileRef = 4E818075155C95CC00FAF13A /* GTMOAuthViewControllerTouch.m */; settings = {COMPILER_FLAGS = "-fno-objc-arc"; }; };
		4E8180B5155CC12F00FAF13A /* TweetStatus.m in Sources */ = {isa = PBXBuildFile; fileRef = 4E8180B4155CC12F00FAF13A /* TweetStatus.m */; };
		4E8180B8155CC14600FAF13A /* TweetUser.m in Sources */ = {isa = PBXBuildFile; fileRef = 4E8180B7155CC14600FAF13A /* TweetUser.m */; };
		4E8180BA155CC19C00FAF13A /* MobileCoreServices.framework in Frameworks */ = {isa = PBXBuildFile; fileRef = 4E8180B9155CC19C00FAF13A /* MobileCoreServices.framework */; };
		4E8180BB155CC1D600FAF13A /* TweetStatus.m in Sources */ = {isa = PBXBuildFile; fileRef = 4E8180B4155CC12F00FAF13A /* TweetStatus.m */; };
		4E8180BC155CC1D600FAF13A /* TweetUser.m in Sources */ = {isa = PBXBuildFile; fileRef = 4E8180B7155CC14600FAF13A /* TweetUser.m */; };
/* End PBXBuildFile section */

/* Begin PBXContainerItemProxy section */
		4E817FFC155C92E800FAF13A /* PBXContainerItemProxy */ = {
			isa = PBXContainerItemProxy;
			containerPortal = 4E817FC4155C92E800FAF13A /* Project object */;
			proxyType = 1;
			remoteGlobalIDString = 4E817FCC155C92E800FAF13A;
			remoteInfo = OfflineView;
		};
		4E81801A155C941300FAF13A /* PBXContainerItemProxy */ = {
			isa = PBXContainerItemProxy;
			containerPortal = 4E81800F155C941200FAF13A /* RestKit.xcodeproj */;
			proxyType = 2;
			remoteGlobalIDString = 25160D1614564E810060A5C5;
			remoteInfo = RestKit;
		};
		4E81801C155C941300FAF13A /* PBXContainerItemProxy */ = {
			isa = PBXContainerItemProxy;
			containerPortal = 4E81800F155C941200FAF13A /* RestKit.xcodeproj */;
			proxyType = 2;
			remoteGlobalIDString = 25160D2614564E820060A5C5;
			remoteInfo = RestKitTests;
		};
		4E81801E155C941300FAF13A /* PBXContainerItemProxy */ = {
			isa = PBXContainerItemProxy;
			containerPortal = 4E81800F155C941200FAF13A /* RestKit.xcodeproj */;
			proxyType = 2;
			remoteGlobalIDString = 25160E62145651060060A5C5;
			remoteInfo = RestKitFramework;
		};
		4E818020155C941300FAF13A /* PBXContainerItemProxy */ = {
			isa = PBXContainerItemProxy;
			containerPortal = 4E81800F155C941200FAF13A /* RestKit.xcodeproj */;
			proxyType = 2;
			remoteGlobalIDString = 25160E78145651060060A5C5;
			remoteInfo = RestKitFrameworkTests;
		};
		4E818022155C941300FAF13A /* PBXContainerItemProxy */ = {
			isa = PBXContainerItemProxy;
			containerPortal = 4E81800F155C941200FAF13A /* RestKit.xcodeproj */;
			proxyType = 2;
			remoteGlobalIDString = 259C301615128079003066A2;
			remoteInfo = RestKitResources;
		};
		4E818053155C952A00FAF13A /* PBXContainerItemProxy */ = {
			isa = PBXContainerItemProxy;
			containerPortal = 4E81800F155C941200FAF13A /* RestKit.xcodeproj */;
			proxyType = 1;
			remoteGlobalIDString = 25160D1514564E810060A5C5;
			remoteInfo = RestKit;
		};
/* End PBXContainerItemProxy section */

/* Begin PBXFileReference section */
		4E091CFA155CC59300AE7444 /* Storyboard.storyboard */ = {isa = PBXFileReference; fileEncoding = 4; lastKnownFileType = file.storyboard; path = Storyboard.storyboard; sourceTree = "<group>"; };
		4E817FCD155C92E800FAF13A /* OfflineView.app */ = {isa = PBXFileReference; explicitFileType = wrapper.application; includeInIndex = 0; path = OfflineView.app; sourceTree = BUILT_PRODUCTS_DIR; };
		4E817FD1155C92E800FAF13A /* UIKit.framework */ = {isa = PBXFileReference; lastKnownFileType = wrapper.framework; name = UIKit.framework; path = System/Library/Frameworks/UIKit.framework; sourceTree = SDKROOT; };
		4E817FD3155C92E800FAF13A /* Foundation.framework */ = {isa = PBXFileReference; lastKnownFileType = wrapper.framework; name = Foundation.framework; path = System/Library/Frameworks/Foundation.framework; sourceTree = SDKROOT; };
		4E817FD5155C92E800FAF13A /* CoreGraphics.framework */ = {isa = PBXFileReference; lastKnownFileType = wrapper.framework; name = CoreGraphics.framework; path = System/Library/Frameworks/CoreGraphics.framework; sourceTree = SDKROOT; };
		4E817FD7155C92E800FAF13A /* CoreData.framework */ = {isa = PBXFileReference; lastKnownFileType = wrapper.framework; name = CoreData.framework; path = System/Library/Frameworks/CoreData.framework; sourceTree = SDKROOT; };
		4E817FDB155C92E800FAF13A /* OfflineView-Info.plist */ = {isa = PBXFileReference; lastKnownFileType = text.plist.xml; path = "OfflineView-Info.plist"; sourceTree = "<group>"; };
		4E817FDD155C92E800FAF13A /* en */ = {isa = PBXFileReference; lastKnownFileType = text.plist.strings; name = en; path = en.lproj/InfoPlist.strings; sourceTree = "<group>"; };
		4E817FDF155C92E800FAF13A /* main.m */ = {isa = PBXFileReference; lastKnownFileType = sourcecode.c.objc; path = main.m; sourceTree = "<group>"; };
		4E817FE1155C92E800FAF13A /* OfflineView-Prefix.pch */ = {isa = PBXFileReference; lastKnownFileType = sourcecode.c.h; path = "OfflineView-Prefix.pch"; sourceTree = "<group>"; };
		4E817FE2155C92E800FAF13A /* AppDelegate.h */ = {isa = PBXFileReference; lastKnownFileType = sourcecode.c.h; path = AppDelegate.h; sourceTree = "<group>"; };
		4E817FE3155C92E800FAF13A /* AppDelegate.m */ = {isa = PBXFileReference; lastKnownFileType = sourcecode.c.objc; path = AppDelegate.m; sourceTree = "<group>"; };
		4E817FE9155C92E800FAF13A /* OfflineView.xcdatamodel */ = {isa = PBXFileReference; lastKnownFileType = wrapper.xcdatamodel; path = OfflineView.xcdatamodel; sourceTree = "<group>"; };
		4E817FEB155C92E800FAF13A /* MasterViewController.h */ = {isa = PBXFileReference; lastKnownFileType = sourcecode.c.h; path = MasterViewController.h; sourceTree = "<group>"; };
		4E817FEC155C92E800FAF13A /* MasterViewController.m */ = {isa = PBXFileReference; lastKnownFileType = sourcecode.c.objc; path = MasterViewController.m; sourceTree = "<group>"; };
		4E817FEE155C92E800FAF13A /* DetailViewController.h */ = {isa = PBXFileReference; lastKnownFileType = sourcecode.c.h; path = DetailViewController.h; sourceTree = "<group>"; };
		4E817FEF155C92E800FAF13A /* DetailViewController.m */ = {isa = PBXFileReference; lastKnownFileType = sourcecode.c.objc; path = DetailViewController.m; sourceTree = "<group>"; };
		4E817FF6155C92E800FAF13A /* OfflineViewTests.octest */ = {isa = PBXFileReference; explicitFileType = wrapper.cfbundle; includeInIndex = 0; path = OfflineViewTests.octest; sourceTree = BUILT_PRODUCTS_DIR; };
		4E817FF7155C92E800FAF13A /* SenTestingKit.framework */ = {isa = PBXFileReference; lastKnownFileType = wrapper.framework; name = SenTestingKit.framework; path = Library/Frameworks/SenTestingKit.framework; sourceTree = DEVELOPER_DIR; };
		4E818000155C92E800FAF13A /* OfflineViewTests-Info.plist */ = {isa = PBXFileReference; lastKnownFileType = text.plist.xml; path = "OfflineViewTests-Info.plist"; sourceTree = "<group>"; };
		4E818002155C92E800FAF13A /* en */ = {isa = PBXFileReference; lastKnownFileType = text.plist.strings; name = en; path = en.lproj/InfoPlist.strings; sourceTree = "<group>"; };
		4E818004155C92E800FAF13A /* OfflineViewTests.h */ = {isa = PBXFileReference; lastKnownFileType = sourcecode.c.h; path = OfflineViewTests.h; sourceTree = "<group>"; };
		4E818005155C92E800FAF13A /* OfflineViewTests.m */ = {isa = PBXFileReference; lastKnownFileType = sourcecode.c.objc; path = OfflineViewTests.m; sourceTree = "<group>"; };
		4E81800F155C941200FAF13A /* RestKit.xcodeproj */ = {isa = PBXFileReference; lastKnownFileType = "wrapper.pb-project"; name = RestKit.xcodeproj; path = RestKit/RestKit.xcodeproj; sourceTree = "<group>"; };
		4E818027155C945400FAF13A /* HeaderView.h */ = {isa = PBXFileReference; fileEncoding = 4; lastKnownFileType = sourcecode.c.h; path = HeaderView.h; sourceTree = "<group>"; };
		4E818028155C945400FAF13A /* HeaderView.m */ = {isa = PBXFileReference; fileEncoding = 4; lastKnownFileType = sourcecode.c.objc; path = HeaderView.m; sourceTree = "<group>"; };
		4E81802C155C948200FAF13A /* PostTweetLogic.h */ = {isa = PBXFileReference; fileEncoding = 4; lastKnownFileType = sourcecode.c.h; path = PostTweetLogic.h; sourceTree = "<group>"; };
		4E81802D155C948200FAF13A /* PostTweetLogic.m */ = {isa = PBXFileReference; fileEncoding = 4; lastKnownFileType = sourcecode.c.objc; path = PostTweetLogic.m; sourceTree = "<group>"; };
		4E818030155C949400FAF13A /* start.png */ = {isa = PBXFileReference; lastKnownFileType = image.png; name = start.png; path = OfflineView/start.png; sourceTree = "<group>"; };
		4E818032155C94A000FAF13A /* StartViewController.h */ = {isa = PBXFileReference; fileEncoding = 4; lastKnownFileType = sourcecode.c.h; path = StartViewController.h; sourceTree = "<group>"; };
		4E818033155C94A000FAF13A /* StartViewController.m */ = {isa = PBXFileReference; fileEncoding = 4; lastKnownFileType = sourcecode.c.objc; path = StartViewController.m; sourceTree = "<group>"; };
		4E818037155C94B700FAF13A /* TweetViewController.h */ = {isa = PBXFileReference; fileEncoding = 4; lastKnownFileType = sourcecode.c.h; path = TweetViewController.h; sourceTree = "<group>"; };
		4E818038155C94B700FAF13A /* TweetViewController.m */ = {isa = PBXFileReference; fileEncoding = 4; lastKnownFileType = sourcecode.c.objc; path = TweetViewController.m; sourceTree = "<group>"; };
		4E81803A155C94C100FAF13A /* TwitterOAuthLogic.h */ = {isa = PBXFileReference; fileEncoding = 4; lastKnownFileType = sourcecode.c.h; path = TwitterOAuthLogic.h; sourceTree = "<group>"; };
		4E81803B155C94C100FAF13A /* TwitterOAuthLogic.m */ = {isa = PBXFileReference; fileEncoding = 4; lastKnownFileType = sourcecode.c.objc; path = TwitterOAuthLogic.m; sourceTree = "<group>"; };
		4E81803C155C94C100FAF13A /* TwitterPublicSyncLogic.h */ = {isa = PBXFileReference; fileEncoding = 4; lastKnownFileType = sourcecode.c.h; path = TwitterPublicSyncLogic.h; sourceTree = "<group>"; };
		4E81803D155C94C100FAF13A /* TwitterPublicSyncLogic.m */ = {isa = PBXFileReference; fileEncoding = 4; lastKnownFileType = sourcecode.c.objc; path = TwitterPublicSyncLogic.m; sourceTree = "<group>"; };
		4E81803E155C94C100FAF13A /* TwitterTimeLineLogic.h */ = {isa = PBXFileReference; fileEncoding = 4; lastKnownFileType = sourcecode.c.h; path = TwitterTimeLineLogic.h; sourceTree = "<group>"; };
		4E81803F155C94C100FAF13A /* TwitterTimeLineLogic.m */ = {isa = PBXFileReference; fileEncoding = 4; lastKnownFileType = sourcecode.c.objc; path = TwitterTimeLineLogic.m; sourceTree = "<group>"; };
		4E818043155C94CE00FAF13A /* WebViewController.h */ = {isa = PBXFileReference; fileEncoding = 4; lastKnownFileType = sourcecode.c.h; path = WebViewController.h; sourceTree = "<group>"; };
		4E818044155C94CE00FAF13A /* WebViewController.m */ = {isa = PBXFileReference; fileEncoding = 4; lastKnownFileType = sourcecode.c.objc; path = WebViewController.m; sourceTree = "<group>"; };
		4E818057155C956C00FAF13A /* CFNetwork.framework */ = {isa = PBXFileReference; lastKnownFileType = wrapper.framework; name = CFNetwork.framework; path = System/Library/Frameworks/CFNetwork.framework; sourceTree = SDKROOT; };
		4E818058155C956C00FAF13A /* iAd.framework */ = {isa = PBXFileReference; lastKnownFileType = wrapper.framework; name = iAd.framework; path = System/Library/Frameworks/iAd.framework; sourceTree = SDKROOT; };
		4E818059155C956C00FAF13A /* libxml2.dylib */ = {isa = PBXFileReference; lastKnownFileType = "compiled.mach-o.dylib"; name = libxml2.dylib; path = usr/lib/libxml2.dylib; sourceTree = SDKROOT; };
		4E81805A155C956C00FAF13A /* QuartzCore.framework */ = {isa = PBXFileReference; lastKnownFileType = wrapper.framework; name = QuartzCore.framework; path = System/Library/Frameworks/QuartzCore.framework; sourceTree = SDKROOT; };
		4E81805B155C956C00FAF13A /* Security.framework */ = {isa = PBXFileReference; lastKnownFileType = wrapper.framework; name = Security.framework; path = System/Library/Frameworks/Security.framework; sourceTree = SDKROOT; };
		4E81805C155C956C00FAF13A /* SystemConfiguration.framework */ = {isa = PBXFileReference; lastKnownFileType = wrapper.framework; name = SystemConfiguration.framework; path = System/Library/Frameworks/SystemConfiguration.framework; sourceTree = SDKROOT; };
		4E81805D155C956C00FAF13A /* Twitter.framework */ = {isa = PBXFileReference; lastKnownFileType = wrapper.framework; name = Twitter.framework; path = System/Library/Frameworks/Twitter.framework; sourceTree = SDKROOT; };
		4E81806E155C95CC00FAF13A /* GTMHTTPFetcher.h */ = {isa = PBXFileReference; fileEncoding = 4; lastKnownFileType = sourcecode.c.h; name = GTMHTTPFetcher.h; path = "gtm-oauth/GTMHTTPFetcher.h"; sourceTree = "<group>"; };
		4E81806F155C95CC00FAF13A /* GTMHTTPFetcher.m */ = {isa = PBXFileReference; fileEncoding = 4; lastKnownFileType = sourcecode.c.objc; name = GTMHTTPFetcher.m; path = "gtm-oauth/GTMHTTPFetcher.m"; sourceTree = "<group>"; };
		4E818070155C95CC00FAF13A /* GTMOAuthAuthentication.h */ = {isa = PBXFileReference; fileEncoding = 4; lastKnownFileType = sourcecode.c.h; name = GTMOAuthAuthentication.h; path = "gtm-oauth/GTMOAuthAuthentication.h"; sourceTree = "<group>"; };
		4E818071155C95CC00FAF13A /* GTMOAuthAuthentication.m */ = {isa = PBXFileReference; fileEncoding = 4; lastKnownFileType = sourcecode.c.objc; name = GTMOAuthAuthentication.m; path = "gtm-oauth/GTMOAuthAuthentication.m"; sourceTree = "<group>"; };
		4E818072155C95CC00FAF13A /* GTMOAuthSignIn.h */ = {isa = PBXFileReference; fileEncoding = 4; lastKnownFileType = sourcecode.c.h; name = GTMOAuthSignIn.h; path = "gtm-oauth/GTMOAuthSignIn.h"; sourceTree = "<group>"; };
		4E818073155C95CC00FAF13A /* GTMOAuthSignIn.m */ = {isa = PBXFileReference; fileEncoding = 4; lastKnownFileType = sourcecode.c.objc; name = GTMOAuthSignIn.m; path = "gtm-oauth/GTMOAuthSignIn.m"; sourceTree = "<group>"; };
		4E818074155C95CC00FAF13A /* GTMOAuthViewControllerTouch.h */ = {isa = PBXFileReference; fileEncoding = 4; lastKnownFileType = sourcecode.c.h; name = GTMOAuthViewControllerTouch.h; path = "gtm-oauth/GTMOAuthViewControllerTouch.h"; sourceTree = "<group>"; };
		4E818075155C95CC00FAF13A /* GTMOAuthViewControllerTouch.m */ = {isa = PBXFileReference; fileEncoding = 4; lastKnownFileType = sourcecode.c.objc; name = GTMOAuthViewControllerTouch.m; path = "gtm-oauth/GTMOAuthViewControllerTouch.m"; sourceTree = "<group>"; };
		4E818076155C95CC00FAF13A /* GTMOAuthViewTouch.xib */ = {isa = PBXFileReference; fileEncoding = 4; lastKnownFileType = file.xib; name = GTMOAuthViewTouch.xib; path = "gtm-oauth/GTMOAuthViewTouch.xib"; sourceTree = "<group>"; };
		4E81807D155C95DC00FAF13A /* NSObject+SBJson.h */ = {isa = PBXFileReference; fileEncoding = 4; lastKnownFileType = sourcecode.c.h; name = "NSObject+SBJson.h"; path = "SBJson_3.1/NSObject+SBJson.h"; sourceTree = "<group>"; };
		4E81807E155C95DC00FAF13A /* NSObject+SBJson.m */ = {isa = PBXFileReference; fileEncoding = 4; lastKnownFileType = sourcecode.c.objc; name = "NSObject+SBJson.m"; path = "SBJson_3.1/NSObject+SBJson.m"; sourceTree = "<group>"; };
		4E81807F155C95DC00FAF13A /* SBJson.h */ = {isa = PBXFileReference; fileEncoding = 4; lastKnownFileType = sourcecode.c.h; name = SBJson.h; path = SBJson_3.1/SBJson.h; sourceTree = "<group>"; };
		4E818080155C95DC00FAF13A /* SBJsonParser.h */ = {isa = PBXFileReference; fileEncoding = 4; lastKnownFileType = sourcecode.c.h; name = SBJsonParser.h; path = SBJson_3.1/SBJsonParser.h; sourceTree = "<group>"; };
		4E818081155C95DC00FAF13A /* SBJsonParser.m */ = {isa = PBXFileReference; fileEncoding = 4; lastKnownFileType = sourcecode.c.objc; name = SBJsonParser.m; path = SBJson_3.1/SBJsonParser.m; sourceTree = "<group>"; };
		4E818082155C95DC00FAF13A /* SBJsonStreamParser.h */ = {isa = PBXFileReference; fileEncoding = 4; lastKnownFileType = sourcecode.c.h; name = SBJsonStreamParser.h; path = SBJson_3.1/SBJsonStreamParser.h; sourceTree = "<group>"; };
		4E818083155C95DC00FAF13A /* SBJsonStreamParser.m */ = {isa = PBXFileReference; fileEncoding = 4; lastKnownFileType = sourcecode.c.objc; name = SBJsonStreamParser.m; path = SBJson_3.1/SBJsonStreamParser.m; sourceTree = "<group>"; };
		4E818084155C95DC00FAF13A /* SBJsonStreamParserAccumulator.h */ = {isa = PBXFileReference; fileEncoding = 4; lastKnownFileType = sourcecode.c.h; name = SBJsonStreamParserAccumulator.h; path = SBJson_3.1/SBJsonStreamParserAccumulator.h; sourceTree = "<group>"; };
		4E818085155C95DC00FAF13A /* SBJsonStreamParserAccumulator.m */ = {isa = PBXFileReference; fileEncoding = 4; lastKnownFileType = sourcecode.c.objc; name = SBJsonStreamParserAccumulator.m; path = SBJson_3.1/SBJsonStreamParserAccumulator.m; sourceTree = "<group>"; };
		4E818086155C95DC00FAF13A /* SBJsonStreamParserAdapter.h */ = {isa = PBXFileReference; fileEncoding = 4; lastKnownFileType = sourcecode.c.h; name = SBJsonStreamParserAdapter.h; path = SBJson_3.1/SBJsonStreamParserAdapter.h; sourceTree = "<group>"; };
		4E818087155C95DC00FAF13A /* SBJsonStreamParserAdapter.m */ = {isa = PBXFileReference; fileEncoding = 4; lastKnownFileType = sourcecode.c.objc; name = SBJsonStreamParserAdapter.m; path = SBJson_3.1/SBJsonStreamParserAdapter.m; sourceTree = "<group>"; };
		4E818088155C95DC00FAF13A /* SBJsonStreamParserState.h */ = {isa = PBXFileReference; fileEncoding = 4; lastKnownFileType = sourcecode.c.h; name = SBJsonStreamParserState.h; path = SBJson_3.1/SBJsonStreamParserState.h; sourceTree = "<group>"; };
		4E818089155C95DC00FAF13A /* SBJsonStreamParserState.m */ = {isa = PBXFileReference; fileEncoding = 4; lastKnownFileType = sourcecode.c.objc; name = SBJsonStreamParserState.m; path = SBJson_3.1/SBJsonStreamParserState.m; sourceTree = "<group>"; };
		4E81808A155C95DC00FAF13A /* SBJsonStreamWriter.h */ = {isa = PBXFileReference; fileEncoding = 4; lastKnownFileType = sourcecode.c.h; name = SBJsonStreamWriter.h; path = SBJson_3.1/SBJsonStreamWriter.h; sourceTree = "<group>"; };
		4E81808B155C95DC00FAF13A /* SBJsonStreamWriter.m */ = {isa = PBXFileReference; fileEncoding = 4; lastKnownFileType = sourcecode.c.objc; name = SBJsonStreamWriter.m; path = SBJson_3.1/SBJsonStreamWriter.m; sourceTree = "<group>"; };
		4E81808C155C95DC00FAF13A /* SBJsonStreamWriterAccumulator.h */ = {isa = PBXFileReference; fileEncoding = 4; lastKnownFileType = sourcecode.c.h; name = SBJsonStreamWriterAccumulator.h; path = SBJson_3.1/SBJsonStreamWriterAccumulator.h; sourceTree = "<group>"; };
		4E81808D155C95DC00FAF13A /* SBJsonStreamWriterAccumulator.m */ = {isa = PBXFileReference; fileEncoding = 4; lastKnownFileType = sourcecode.c.objc; name = SBJsonStreamWriterAccumulator.m; path = SBJson_3.1/SBJsonStreamWriterAccumulator.m; sourceTree = "<group>"; };
		4E81808E155C95DC00FAF13A /* SBJsonStreamWriterState.h */ = {isa = PBXFileReference; fileEncoding = 4; lastKnownFileType = sourcecode.c.h; name = SBJsonStreamWriterState.h; path = SBJson_3.1/SBJsonStreamWriterState.h; sourceTree = "<group>"; };
		4E81808F155C95DC00FAF13A /* SBJsonStreamWriterState.m */ = {isa = PBXFileReference; fileEncoding = 4; lastKnownFileType = sourcecode.c.objc; name = SBJsonStreamWriterState.m; path = SBJson_3.1/SBJsonStreamWriterState.m; sourceTree = "<group>"; };
		4E818090155C95DC00FAF13A /* SBJsonTokeniser.h */ = {isa = PBXFileReference; fileEncoding = 4; lastKnownFileType = sourcecode.c.h; name = SBJsonTokeniser.h; path = SBJson_3.1/SBJsonTokeniser.h; sourceTree = "<group>"; };
		4E818091155C95DC00FAF13A /* SBJsonTokeniser.m */ = {isa = PBXFileReference; fileEncoding = 4; lastKnownFileType = sourcecode.c.objc; name = SBJsonTokeniser.m; path = SBJson_3.1/SBJsonTokeniser.m; sourceTree = "<group>"; };
		4E818092155C95DC00FAF13A /* SBJsonUTF8Stream.h */ = {isa = PBXFileReference; fileEncoding = 4; lastKnownFileType = sourcecode.c.h; name = SBJsonUTF8Stream.h; path = SBJson_3.1/SBJsonUTF8Stream.h; sourceTree = "<group>"; };
		4E818093155C95DC00FAF13A /* SBJsonUTF8Stream.m */ = {isa = PBXFileReference; fileEncoding = 4; lastKnownFileType = sourcecode.c.objc; name = SBJsonUTF8Stream.m; path = SBJson_3.1/SBJsonUTF8Stream.m; sourceTree = "<group>"; };
		4E818094155C95DC00FAF13A /* SBJsonWriter.h */ = {isa = PBXFileReference; fileEncoding = 4; lastKnownFileType = sourcecode.c.h; name = SBJsonWriter.h; path = SBJson_3.1/SBJsonWriter.h; sourceTree = "<group>"; };
		4E818095155C95DC00FAF13A /* SBJsonWriter.m */ = {isa = PBXFileReference; fileEncoding = 4; lastKnownFileType = sourcecode.c.objc; name = SBJsonWriter.m; path = SBJson_3.1/SBJsonWriter.m; sourceTree = "<group>"; };
		4E8180B3155CC12F00FAF13A /* TweetStatus.h */ = {isa = PBXFileReference; fileEncoding = 4; lastKnownFileType = sourcecode.c.h; path = TweetStatus.h; sourceTree = "<group>"; };
		4E8180B4155CC12F00FAF13A /* TweetStatus.m */ = {isa = PBXFileReference; fileEncoding = 4; lastKnownFileType = sourcecode.c.objc; path = TweetStatus.m; sourceTree = "<group>"; };
		4E8180B6155CC14600FAF13A /* TweetUser.h */ = {isa = PBXFileReference; fileEncoding = 4; lastKnownFileType = sourcecode.c.h; path = TweetUser.h; sourceTree = "<group>"; };
		4E8180B7155CC14600FAF13A /* TweetUser.m */ = {isa = PBXFileReference; fileEncoding = 4; lastKnownFileType = sourcecode.c.objc; path = TweetUser.m; sourceTree = "<group>"; };
		4E8180B9155CC19C00FAF13A /* MobileCoreServices.framework */ = {isa = PBXFileReference; lastKnownFileType = wrapper.framework; name = MobileCoreServices.framework; path = System/Library/Frameworks/MobileCoreServices.framework; sourceTree = SDKROOT; };
/* End PBXFileReference section */

/* Begin PBXFrameworksBuildPhase section */
		4E817FCA155C92E800FAF13A /* Frameworks */ = {
			isa = PBXFrameworksBuildPhase;
			buildActionMask = 2147483647;
			files = (
				4E8180BA155CC19C00FAF13A /* MobileCoreServices.framework in Frameworks */,
				4E81805E155C956C00FAF13A /* CFNetwork.framework in Frameworks */,
				4E81805F155C956C00FAF13A /* iAd.framework in Frameworks */,
				4E818060155C956C00FAF13A /* libxml2.dylib in Frameworks */,
				4E818061155C956C00FAF13A /* QuartzCore.framework in Frameworks */,
				4E818062155C956C00FAF13A /* Security.framework in Frameworks */,
				4E818063155C956C00FAF13A /* SystemConfiguration.framework in Frameworks */,
				4E818064155C956C00FAF13A /* Twitter.framework in Frameworks */,
				4E818055155C956C00FAF13A /* libRestKit.a in Frameworks */,
				4E817FD8155C92E800FAF13A /* CoreData.framework in Frameworks */,
				4E817FD2155C92E800FAF13A /* UIKit.framework in Frameworks */,
				4E817FD4155C92E800FAF13A /* Foundation.framework in Frameworks */,
				4E817FD6155C92E800FAF13A /* CoreGraphics.framework in Frameworks */,
			);
			runOnlyForDeploymentPostprocessing = 0;
		};
		4E817FF2155C92E800FAF13A /* Frameworks */ = {
			isa = PBXFrameworksBuildPhase;
			buildActionMask = 2147483647;
			files = (
				4E817FF8155C92E800FAF13A /* SenTestingKit.framework in Frameworks */,
				4E817FF9155C92E800FAF13A /* UIKit.framework in Frameworks */,
				4E817FFA155C92E800FAF13A /* Foundation.framework in Frameworks */,
				4E817FFB155C92E800FAF13A /* CoreData.framework in Frameworks */,
			);
			runOnlyForDeploymentPostprocessing = 0;
		};
/* End PBXFrameworksBuildPhase section */

/* Begin PBXGroup section */
		4E817FC2155C92E800FAF13A = {
			isa = PBXGroup;
			children = (
				4E8180B9155CC19C00FAF13A /* MobileCoreServices.framework */,
				4E81802F155C948800FAF13A /* Resources */,
				4E817FD9155C92E800FAF13A /* Code */,
				4E817FFE155C92E800FAF13A /* OfflineViewTests */,
				4E817FD0155C92E800FAF13A /* Frameworks */,
				4E817FCE155C92E800FAF13A /* Products */,
			);
			sourceTree = "<group>";
		};
		4E817FCE155C92E800FAF13A /* Products */ = {
			isa = PBXGroup;
			children = (
				4E817FCD155C92E800FAF13A /* OfflineView.app */,
				4E817FF6155C92E800FAF13A /* OfflineViewTests.octest */,
			);
			name = Products;
			sourceTree = "<group>";
		};
		4E817FD0155C92E800FAF13A /* Frameworks */ = {
			isa = PBXGroup;
			children = (
				4E81807C155C95D300FAF13A /* SBJson_3.1 */,
				4E81806D155C95C000FAF13A /* gtm-oauth */,
				4E818057155C956C00FAF13A /* CFNetwork.framework */,
				4E818058155C956C00FAF13A /* iAd.framework */,
				4E818059155C956C00FAF13A /* libxml2.dylib */,
				4E81805A155C956C00FAF13A /* QuartzCore.framework */,
				4E81805B155C956C00FAF13A /* Security.framework */,
				4E81805C155C956C00FAF13A /* SystemConfiguration.framework */,
				4E81805D155C956C00FAF13A /* Twitter.framework */,
				4E81800F155C941200FAF13A /* RestKit.xcodeproj */,
				4E817FD1155C92E800FAF13A /* UIKit.framework */,
				4E817FD3155C92E800FAF13A /* Foundation.framework */,
				4E817FD5155C92E800FAF13A /* CoreGraphics.framework */,
				4E817FD7155C92E800FAF13A /* CoreData.framework */,
				4E817FF7155C92E800FAF13A /* SenTestingKit.framework */,
			);
			name = Frameworks;
			sourceTree = "<group>";
		};
		4E817FD9155C92E800FAF13A /* Code */ = {
			isa = PBXGroup;
			children = (
				4E818026155C943E00FAF13A /* Controller */,
				4E818025155C943B00FAF13A /* Model */,
				4E818024155C943600FAF13A /* View */,
				4E8180B2155CC0E800FAF13A /* Other */,
			);
			name = Code;
			path = OfflineView;
			sourceTree = "<group>";
		};
		4E817FFE155C92E800FAF13A /* OfflineViewTests */ = {
			isa = PBXGroup;
			children = (
				4E818004155C92E800FAF13A /* OfflineViewTests.h */,
				4E818005155C92E800FAF13A /* OfflineViewTests.m */,
				4E817FFF155C92E800FAF13A /* Supporting Files */,
			);
			path = OfflineViewTests;
			sourceTree = "<group>";
		};
		4E817FFF155C92E800FAF13A /* Supporting Files */ = {
			isa = PBXGroup;
			children = (
				4E818000155C92E800FAF13A /* OfflineViewTests-Info.plist */,
				4E818001155C92E800FAF13A /* InfoPlist.strings */,
			);
			name = "Supporting Files";
			sourceTree = "<group>";
		};
		4E818010155C941200FAF13A /* Products */ = {
			isa = PBXGroup;
			children = (
				4E81801B155C941300FAF13A /* libRestKit.a */,
				4E81801D155C941300FAF13A /* RestKitTests.octest */,
				4E81801F155C941300FAF13A /* RestKit.framework */,
				4E818021155C941300FAF13A /* RestKitFrameworkTests.octest */,
				4E818023155C941300FAF13A /* RestKitResources.bundle */,
			);
			name = Products;
			sourceTree = "<group>";
		};
		4E818024155C943600FAF13A /* View */ = {
			isa = PBXGroup;
			children = (
				4E818027155C945400FAF13A /* HeaderView.h */,
				4E818028155C945400FAF13A /* HeaderView.m */,
				4E091CFA155CC59300AE7444 /* Storyboard.storyboard */,
			);
			name = View;
			sourceTree = "<group>";
		};
		4E818025155C943B00FAF13A /* Model */ = {
			isa = PBXGroup;
			children = (
				4E817FE8155C92E800FAF13A /* OfflineView.xcdatamodeld */,
				4E81802B155C947800FAF13A /* Entity */,
				4E81802A155C947500FAF13A /* Logic */,
			);
			name = Model;
			sourceTree = "<group>";
		};
		4E818026155C943E00FAF13A /* Controller */ = {
			isa = PBXGroup;
			children = (
				4E818043155C94CE00FAF13A /* WebViewController.h */,
				4E818044155C94CE00FAF13A /* WebViewController.m */,
				4E818037155C94B700FAF13A /* TweetViewController.h */,
				4E818038155C94B700FAF13A /* TweetViewController.m */,
				4E818032155C94A000FAF13A /* StartViewController.h */,
				4E818033155C94A000FAF13A /* StartViewController.m */,
			);
			name = Controller;
			sourceTree = "<group>";
		};
		4E81802A155C947500FAF13A /* Logic */ = {
			isa = PBXGroup;
			children = (
				4E81803A155C94C100FAF13A /* TwitterOAuthLogic.h */,
				4E81803B155C94C100FAF13A /* TwitterOAuthLogic.m */,
				4E81803C155C94C100FAF13A /* TwitterPublicSyncLogic.h */,
				4E81803D155C94C100FAF13A /* TwitterPublicSyncLogic.m */,
				4E81803E155C94C100FAF13A /* TwitterTimeLineLogic.h */,
				4E81803F155C94C100FAF13A /* TwitterTimeLineLogic.m */,
				4E81802C155C948200FAF13A /* PostTweetLogic.h */,
				4E81802D155C948200FAF13A /* PostTweetLogic.m */,
			);
			name = Logic;
			sourceTree = "<group>";
		};
		4E81802B155C947800FAF13A /* Entity */ = {
			isa = PBXGroup;
			children = (
				4E8180B3155CC12F00FAF13A /* TweetStatus.h */,
				4E8180B4155CC12F00FAF13A /* TweetStatus.m */,
				4E8180B6155CC14600FAF13A /* TweetUser.h */,
				4E8180B7155CC14600FAF13A /* TweetUser.m */,
			);
			name = Entity;
			sourceTree = "<group>";
		};
		4E81802F155C948800FAF13A /* Resources */ = {
			isa = PBXGroup;
			children = (
				4E818030155C949400FAF13A /* start.png */,
			);
			name = Resources;
			sourceTree = "<group>";
		};
		4E81806D155C95C000FAF13A /* gtm-oauth */ = {
			isa = PBXGroup;
			children = (
				4E81806E155C95CC00FAF13A /* GTMHTTPFetcher.h */,
				4E81806F155C95CC00FAF13A /* GTMHTTPFetcher.m */,
				4E818070155C95CC00FAF13A /* GTMOAuthAuthentication.h */,
				4E818071155C95CC00FAF13A /* GTMOAuthAuthentication.m */,
				4E818072155C95CC00FAF13A /* GTMOAuthSignIn.h */,
				4E818073155C95CC00FAF13A /* GTMOAuthSignIn.m */,
				4E818074155C95CC00FAF13A /* GTMOAuthViewControllerTouch.h */,
				4E818075155C95CC00FAF13A /* GTMOAuthViewControllerTouch.m */,
				4E818076155C95CC00FAF13A /* GTMOAuthViewTouch.xib */,
			);
			name = "gtm-oauth";
			sourceTree = "<group>";
		};
		4E81807C155C95D300FAF13A /* SBJson_3.1 */ = {
			isa = PBXGroup;
			children = (
				4E81807D155C95DC00FAF13A /* NSObject+SBJson.h */,
				4E81807E155C95DC00FAF13A /* NSObject+SBJson.m */,
				4E81807F155C95DC00FAF13A /* SBJson.h */,
				4E818080155C95DC00FAF13A /* SBJsonParser.h */,
				4E818081155C95DC00FAF13A /* SBJsonParser.m */,
				4E818082155C95DC00FAF13A /* SBJsonStreamParser.h */,
				4E818083155C95DC00FAF13A /* SBJsonStreamParser.m */,
				4E818084155C95DC00FAF13A /* SBJsonStreamParserAccumulator.h */,
				4E818085155C95DC00FAF13A /* SBJsonStreamParserAccumulator.m */,
				4E818086155C95DC00FAF13A /* SBJsonStreamParserAdapter.h */,
				4E818087155C95DC00FAF13A /* SBJsonStreamParserAdapter.m */,
				4E818088155C95DC00FAF13A /* SBJsonStreamParserState.h */,
				4E818089155C95DC00FAF13A /* SBJsonStreamParserState.m */,
				4E81808A155C95DC00FAF13A /* SBJsonStreamWriter.h */,
				4E81808B155C95DC00FAF13A /* SBJsonStreamWriter.m */,
				4E81808C155C95DC00FAF13A /* SBJsonStreamWriterAccumulator.h */,
				4E81808D155C95DC00FAF13A /* SBJsonStreamWriterAccumulator.m */,
				4E81808E155C95DC00FAF13A /* SBJsonStreamWriterState.h */,
				4E81808F155C95DC00FAF13A /* SBJsonStreamWriterState.m */,
				4E818090155C95DC00FAF13A /* SBJsonTokeniser.h */,
				4E818091155C95DC00FAF13A /* SBJsonTokeniser.m */,
				4E818092155C95DC00FAF13A /* SBJsonUTF8Stream.h */,
				4E818093155C95DC00FAF13A /* SBJsonUTF8Stream.m */,
				4E818094155C95DC00FAF13A /* SBJsonWriter.h */,
				4E818095155C95DC00FAF13A /* SBJsonWriter.m */,
			);
			name = SBJson_3.1;
			sourceTree = "<group>";
		};
		4E8180B2155CC0E800FAF13A /* Other */ = {
			isa = PBXGroup;
			children = (
				4E817FDB155C92E800FAF13A /* OfflineView-Info.plist */,
				4E817FDC155C92E800FAF13A /* InfoPlist.strings */,
				4E817FDF155C92E800FAF13A /* main.m */,
				4E817FE1155C92E800FAF13A /* OfflineView-Prefix.pch */,
				4E817FE2155C92E800FAF13A /* AppDelegate.h */,
				4E817FE3155C92E800FAF13A /* AppDelegate.m */,
				4E817FEB155C92E800FAF13A /* MasterViewController.h */,
				4E817FEC155C92E800FAF13A /* MasterViewController.m */,
				4E817FEE155C92E800FAF13A /* DetailViewController.h */,
				4E817FEF155C92E800FAF13A /* DetailViewController.m */,
			);
			name = Other;
			sourceTree = "<group>";
		};
/* End PBXGroup section */

/* Begin PBXNativeTarget section */
		4E817FCC155C92E800FAF13A /* OfflineView */ = {
			isa = PBXNativeTarget;
			buildConfigurationList = 4E818009155C92E800FAF13A /* Build configuration list for PBXNativeTarget "OfflineView" */;
			buildPhases = (
				4E817FC9155C92E800FAF13A /* Sources */,
				4E817FCA155C92E800FAF13A /* Frameworks */,
				4E817FCB155C92E800FAF13A /* Resources */,
			);
			buildRules = (
			);
			dependencies = (
				4E818054155C952A00FAF13A /* PBXTargetDependency */,
			);
			name = OfflineView;
			productName = OfflineView;
			productReference = 4E817FCD155C92E800FAF13A /* OfflineView.app */;
			productType = "com.apple.product-type.application";
		};
		4E817FF5155C92E800FAF13A /* OfflineViewTests */ = {
			isa = PBXNativeTarget;
			buildConfigurationList = 4E81800C155C92E800FAF13A /* Build configuration list for PBXNativeTarget "OfflineViewTests" */;
			buildPhases = (
				4E817FF1155C92E800FAF13A /* Sources */,
				4E817FF2155C92E800FAF13A /* Frameworks */,
				4E817FF3155C92E800FAF13A /* Resources */,
				4E817FF4155C92E800FAF13A /* ShellScript */,
			);
			buildRules = (
			);
			dependencies = (
				4E817FFD155C92E800FAF13A /* PBXTargetDependency */,
			);
			name = OfflineViewTests;
			productName = OfflineViewTests;
			productReference = 4E817FF6155C92E800FAF13A /* OfflineViewTests.octest */;
			productType = "com.apple.product-type.bundle";
		};
/* End PBXNativeTarget section */

/* Begin PBXProject section */
		4E817FC4155C92E800FAF13A /* Project object */ = {
			isa = PBXProject;
			attributes = {
				LastUpgradeCheck = 0430;
				ORGANIZATIONNAME = "クオリサイトテクノロジーズ株式会社";
			};
			buildConfigurationList = 4E817FC7155C92E800FAF13A /* Build configuration list for PBXProject "OfflineView" */;
			compatibilityVersion = "Xcode 3.2";
			developmentRegion = English;
			hasScannedForEncodings = 0;
			knownRegions = (
				en,
			);
			mainGroup = 4E817FC2155C92E800FAF13A;
			productRefGroup = 4E817FCE155C92E800FAF13A /* Products */;
			projectDirPath = "";
			projectReferences = (
				{
					ProductGroup = 4E818010155C941200FAF13A /* Products */;
					ProjectRef = 4E81800F155C941200FAF13A /* RestKit.xcodeproj */;
				},
			);
			projectRoot = "";
			targets = (
				4E817FCC155C92E800FAF13A /* OfflineView */,
				4E817FF5155C92E800FAF13A /* OfflineViewTests */,
			);
		};
/* End PBXProject section */

/* Begin PBXReferenceProxy section */
		4E81801B155C941300FAF13A /* libRestKit.a */ = {
			isa = PBXReferenceProxy;
			fileType = archive.ar;
			path = libRestKit.a;
			remoteRef = 4E81801A155C941300FAF13A /* PBXContainerItemProxy */;
			sourceTree = BUILT_PRODUCTS_DIR;
		};
		4E81801D155C941300FAF13A /* RestKitTests.octest */ = {
			isa = PBXReferenceProxy;
			fileType = wrapper.cfbundle;
			path = RestKitTests.octest;
			remoteRef = 4E81801C155C941300FAF13A /* PBXContainerItemProxy */;
			sourceTree = BUILT_PRODUCTS_DIR;
		};
		4E81801F155C941300FAF13A /* RestKit.framework */ = {
			isa = PBXReferenceProxy;
			fileType = wrapper.framework;
			path = RestKit.framework;
			remoteRef = 4E81801E155C941300FAF13A /* PBXContainerItemProxy */;
			sourceTree = BUILT_PRODUCTS_DIR;
		};
		4E818021155C941300FAF13A /* RestKitFrameworkTests.octest */ = {
			isa = PBXReferenceProxy;
			fileType = wrapper.cfbundle;
			path = RestKitFrameworkTests.octest;
			remoteRef = 4E818020155C941300FAF13A /* PBXContainerItemProxy */;
			sourceTree = BUILT_PRODUCTS_DIR;
		};
		4E818023155C941300FAF13A /* RestKitResources.bundle */ = {
			isa = PBXReferenceProxy;
			fileType = wrapper.cfbundle;
			path = RestKitResources.bundle;
			remoteRef = 4E818022155C941300FAF13A /* PBXContainerItemProxy */;
			sourceTree = BUILT_PRODUCTS_DIR;
		};
/* End PBXReferenceProxy section */

/* Begin PBXResourcesBuildPhase section */
		4E817FCB155C92E800FAF13A /* Resources */ = {
			isa = PBXResourcesBuildPhase;
			buildActionMask = 2147483647;
			files = (
				4E817FDE155C92E800FAF13A /* InfoPlist.strings in Resources */,
				4E091CFB155CC59300AE7444 /* Storyboard.storyboard in Resources */,
			);
			runOnlyForDeploymentPostprocessing = 0;
		};
		4E817FF3155C92E800FAF13A /* Resources */ = {
			isa = PBXResourcesBuildPhase;
			buildActionMask = 2147483647;
			files = (
				4E818003155C92E800FAF13A /* InfoPlist.strings in Resources */,
				4E818031155C949400FAF13A /* start.png in Resources */,
				4E81807B155C95CC00FAF13A /* GTMOAuthViewTouch.xib in Resources */,
			);
			runOnlyForDeploymentPostprocessing = 0;
		};
/* End PBXResourcesBuildPhase section */

/* Begin PBXShellScriptBuildPhase section */
		4E817FF4155C92E800FAF13A /* ShellScript */ = {
			isa = PBXShellScriptBuildPhase;
			buildActionMask = 2147483647;
			files = (
			);
			inputPaths = (
			);
			outputPaths = (
			);
			runOnlyForDeploymentPostprocessing = 0;
			shellPath = /bin/sh;
			shellScript = "# Run the unit tests in this test bundle.\n\"${SYSTEM_DEVELOPER_DIR}/Tools/RunUnitTests\"\n";
		};
/* End PBXShellScriptBuildPhase section */

/* Begin PBXSourcesBuildPhase section */
		4E817FC9155C92E800FAF13A /* Sources */ = {
			isa = PBXSourcesBuildPhase;
			buildActionMask = 2147483647;
			files = (
				4E8180BB155CC1D600FAF13A /* TweetStatus.m in Sources */,
				4E8180BC155CC1D600FAF13A /* TweetUser.m in Sources */,
				4E8180A2155CC0C400FAF13A /* NSObject+SBJson.m in Sources */,
				4E8180A3155CC0C400FAF13A /* SBJsonParser.m in Sources */,
				4E8180A4155CC0C400FAF13A /* SBJsonStreamParser.m in Sources */,
				4E8180A5155CC0C400FAF13A /* SBJsonStreamParserAccumulator.m in Sources */,
				4E8180A6155CC0C400FAF13A /* SBJsonStreamParserAdapter.m in Sources */,
				4E8180A7155CC0C400FAF13A /* SBJsonStreamParserState.m in Sources */,
				4E8180A8155CC0C400FAF13A /* SBJsonStreamWriter.m in Sources */,
				4E8180A9155CC0C400FAF13A /* SBJsonStreamWriterAccumulator.m in Sources */,
				4E8180AA155CC0C400FAF13A /* SBJsonStreamWriterState.m in Sources */,
				4E8180AB155CC0C400FAF13A /* SBJsonTokeniser.m in Sources */,
				4E8180AC155CC0C400FAF13A /* SBJsonUTF8Stream.m in Sources */,
				4E8180AD155CC0C400FAF13A /* SBJsonWriter.m in Sources */,
				4E8180AE155CC0C400FAF13A /* GTMHTTPFetcher.m in Sources */,
				4E8180AF155CC0C400FAF13A /* GTMOAuthAuthentication.m in Sources */,
				4E8180B0155CC0C400FAF13A /* GTMOAuthSignIn.m in Sources */,
				4E8180B1155CC0C400FAF13A /* GTMOAuthViewControllerTouch.m in Sources */,
				4E818065155C959400FAF13A /* WebViewController.m in Sources */,
				4E818066155C959400FAF13A /* TweetViewController.m in Sources */,
				4E818067155C959400FAF13A /* StartViewController.m in Sources */,
				4E818068155C959400FAF13A /* TwitterOAuthLogic.m in Sources */,
				4E818069155C959400FAF13A /* TwitterPublicSyncLogic.m in Sources */,
				4E81806A155C959400FAF13A /* TwitterTimeLineLogic.m in Sources */,
				4E81806B155C959400FAF13A /* PostTweetLogic.m in Sources */,
				4E81806C155C959400FAF13A /* HeaderView.m in Sources */,
				4E817FE0155C92E800FAF13A /* main.m in Sources */,
				4E817FE4155C92E800FAF13A /* AppDelegate.m in Sources */,
				4E817FEA155C92E800FAF13A /* OfflineView.xcdatamodeld in Sources */,
				4E817FED155C92E800FAF13A /* MasterViewController.m in Sources */,
				4E817FF0155C92E800FAF13A /* DetailViewController.m in Sources */,
			);
			runOnlyForDeploymentPostprocessing = 0;
		};
		4E817FF1155C92E800FAF13A /* Sources */ = {
			isa = PBXSourcesBuildPhase;
			buildActionMask = 2147483647;
			files = (
				4E818006155C92E800FAF13A /* OfflineViewTests.m in Sources */,
				4E818029155C945400FAF13A /* HeaderView.m in Sources */,
				4E81802E155C948200FAF13A /* PostTweetLogic.m in Sources */,
				4E818034155C94A000FAF13A /* StartViewController.m in Sources */,
				4E818039155C94B700FAF13A /* TweetViewController.m in Sources */,
				4E818040155C94C100FAF13A /* TwitterOAuthLogic.m in Sources */,
				4E818041155C94C100FAF13A /* TwitterPublicSyncLogic.m in Sources */,
				4E818042155C94C100FAF13A /* TwitterTimeLineLogic.m in Sources */,
				4E818045155C94CE00FAF13A /* WebViewController.m in Sources */,
				4E818077155C95CC00FAF13A /* GTMHTTPFetcher.m in Sources */,
				4E818078155C95CC00FAF13A /* GTMOAuthAuthentication.m in Sources */,
				4E818079155C95CC00FAF13A /* GTMOAuthSignIn.m in Sources */,
				4E81807A155C95CC00FAF13A /* GTMOAuthViewControllerTouch.m in Sources */,
				4E818096155C95DC00FAF13A /* NSObject+SBJson.m in Sources */,
				4E818097155C95DC00FAF13A /* SBJsonParser.m in Sources */,
				4E818098155C95DC00FAF13A /* SBJsonStreamParser.m in Sources */,
				4E818099155C95DC00FAF13A /* SBJsonStreamParserAccumulator.m in Sources */,
				4E81809A155C95DC00FAF13A /* SBJsonStreamParserAdapter.m in Sources */,
				4E81809B155C95DC00FAF13A /* SBJsonStreamParserState.m in Sources */,
				4E81809C155C95DC00FAF13A /* SBJsonStreamWriter.m in Sources */,
				4E81809D155C95DC00FAF13A /* SBJsonStreamWriterAccumulator.m in Sources */,
				4E81809E155C95DC00FAF13A /* SBJsonStreamWriterState.m in Sources */,
				4E81809F155C95DC00FAF13A /* SBJsonTokeniser.m in Sources */,
				4E8180A0155C95DC00FAF13A /* SBJsonUTF8Stream.m in Sources */,
				4E8180A1155C95DC00FAF13A /* SBJsonWriter.m in Sources */,
				4E8180B5155CC12F00FAF13A /* TweetStatus.m in Sources */,
				4E8180B8155CC14600FAF13A /* TweetUser.m in Sources */,
			);
			runOnlyForDeploymentPostprocessing = 0;
		};
/* End PBXSourcesBuildPhase section */

/* Begin PBXTargetDependency section */
		4E817FFD155C92E800FAF13A /* PBXTargetDependency */ = {
			isa = PBXTargetDependency;
			target = 4E817FCC155C92E800FAF13A /* OfflineView */;
			targetProxy = 4E817FFC155C92E800FAF13A /* PBXContainerItemProxy */;
		};
		4E818054155C952A00FAF13A /* PBXTargetDependency */ = {
			isa = PBXTargetDependency;
			name = RestKit;
			targetProxy = 4E818053155C952A00FAF13A /* PBXContainerItemProxy */;
		};
/* End PBXTargetDependency section */

/* Begin PBXVariantGroup section */
		4E817FDC155C92E800FAF13A /* InfoPlist.strings */ = {
			isa = PBXVariantGroup;
			children = (
				4E817FDD155C92E800FAF13A /* en */,
			);
			name = InfoPlist.strings;
			sourceTree = "<group>";
		};
		4E818001155C92E800FAF13A /* InfoPlist.strings */ = {
			isa = PBXVariantGroup;
			children = (
				4E818002155C92E800FAF13A /* en */,
			);
			name = InfoPlist.strings;
			sourceTree = "<group>";
		};
/* End PBXVariantGroup section */

/* Begin XCBuildConfiguration section */
		4E818007155C92E800FAF13A /* Debug */ = {
			isa = XCBuildConfiguration;
			buildSettings = {
				ALWAYS_SEARCH_USER_PATHS = NO;
				ARCHS = "$(ARCHS_STANDARD_32_BIT)";
				CLANG_ENABLE_OBJC_ARC = YES;
				"CODE_SIGN_IDENTITY[sdk=iphoneos*]" = "iPhone Developer";
				COPY_PHASE_STRIP = NO;
				GCC_C_LANGUAGE_STANDARD = gnu99;
				GCC_DYNAMIC_NO_PIC = NO;
				GCC_OPTIMIZATION_LEVEL = 0;
				GCC_PREPROCESSOR_DEFINITIONS = (
					"DEBUG=1",
					"$(inherited)",
				);
				GCC_SYMBOLS_PRIVATE_EXTERN = NO;
				GCC_VERSION = com.apple.compilers.llvm.clang.1_0;
				GCC_WARN_ABOUT_RETURN_TYPE = YES;
				GCC_WARN_UNINITIALIZED_AUTOS = YES;
				GCC_WARN_UNUSED_VARIABLE = YES;
				IPHONEOS_DEPLOYMENT_TARGET = 5.1;
				SDKROOT = iphoneos;
			};
			name = Debug;
		};
		4E818008155C92E800FAF13A /* Release */ = {
			isa = XCBuildConfiguration;
			buildSettings = {
				ALWAYS_SEARCH_USER_PATHS = NO;
				ARCHS = "$(ARCHS_STANDARD_32_BIT)";
				CLANG_ENABLE_OBJC_ARC = YES;
				"CODE_SIGN_IDENTITY[sdk=iphoneos*]" = "iPhone Developer";
				COPY_PHASE_STRIP = YES;
				GCC_C_LANGUAGE_STANDARD = gnu99;
				GCC_VERSION = com.apple.compilers.llvm.clang.1_0;
				GCC_WARN_ABOUT_RETURN_TYPE = YES;
				GCC_WARN_UNINITIALIZED_AUTOS = YES;
				GCC_WARN_UNUSED_VARIABLE = YES;
				IPHONEOS_DEPLOYMENT_TARGET = 5.1;
				OTHER_CFLAGS = "-DNS_BLOCK_ASSERTIONS=1";
				SDKROOT = iphoneos;
				VALIDATE_PRODUCT = YES;
			};
			name = Release;
		};
		4E81800A155C92E800FAF13A /* Debug */ = {
			isa = XCBuildConfiguration;
			buildSettings = {
				GCC_PRECOMPILE_PREFIX_HEADER = YES;
				GCC_PREFIX_HEADER = "OfflineView/OfflineView-Prefix.pch";
				HEADER_SEARCH_PATHS = "\"$(BUILT_PRODUCTS_DIR)/../../Headers\"";
				INFOPLIST_FILE = "OfflineView/OfflineView-Info.plist";
				OTHER_LDFLAGS = (
					"-all_load",
					"-ObjC",
				);
				PRODUCT_NAME = "$(TARGET_NAME)";
				WRAPPER_EXTENSION = app;
			};
			name = Debug;
		};
		4E81800B155C92E800FAF13A /* Release */ = {
			isa = XCBuildConfiguration;
			buildSettings = {
				GCC_PRECOMPILE_PREFIX_HEADER = YES;
				GCC_PREFIX_HEADER = "OfflineView/OfflineView-Prefix.pch";
				HEADER_SEARCH_PATHS = "\"$(BUILT_PRODUCTS_DIR)/../../Headers\"";
				INFOPLIST_FILE = "OfflineView/OfflineView-Info.plist";
				OTHER_LDFLAGS = (
					"-all_load",
					"-ObjC",
				);
				PRODUCT_NAME = "$(TARGET_NAME)";
				WRAPPER_EXTENSION = app;
			};
			name = Release;
		};
		4E81800D155C92E800FAF13A /* Debug */ = {
			isa = XCBuildConfiguration;
			buildSettings = {
				BUNDLE_LOADER = "$(BUILT_PRODUCTS_DIR)/OfflineView.app/OfflineView";
				FRAMEWORK_SEARCH_PATHS = (
					"$(SDKROOT)/Developer/Library/Frameworks",
					"$(DEVELOPER_LIBRARY_DIR)/Frameworks",
				);
				GCC_PRECOMPILE_PREFIX_HEADER = YES;
				GCC_PREFIX_HEADER = "OfflineView/OfflineView-Prefix.pch";
				INFOPLIST_FILE = "OfflineViewTests/OfflineViewTests-Info.plist";
				PRODUCT_NAME = "$(TARGET_NAME)";
				TEST_HOST = "$(BUNDLE_LOADER)";
				WRAPPER_EXTENSION = octest;
			};
			name = Debug;
		};
		4E81800E155C92E800FAF13A /* Release */ = {
			isa = XCBuildConfiguration;
			buildSettings = {
				BUNDLE_LOADER = "$(BUILT_PRODUCTS_DIR)/OfflineView.app/OfflineView";
				FRAMEWORK_SEARCH_PATHS = (
					"$(SDKROOT)/Developer/Library/Frameworks",
					"$(DEVELOPER_LIBRARY_DIR)/Frameworks",
				);
				GCC_PRECOMPILE_PREFIX_HEADER = YES;
				GCC_PREFIX_HEADER = "OfflineView/OfflineView-Prefix.pch";
				INFOPLIST_FILE = "OfflineViewTests/OfflineViewTests-Info.plist";
				PRODUCT_NAME = "$(TARGET_NAME)";
				TEST_HOST = "$(BUNDLE_LOADER)";
				WRAPPER_EXTENSION = octest;
			};
			name = Release;
		};
/* End XCBuildConfiguration section */

/* Begin XCConfigurationList section */
		4E817FC7155C92E800FAF13A /* Build configuration list for PBXProject "OfflineView" */ = {
			isa = XCConfigurationList;
			buildConfigurations = (
				4E818007155C92E800FAF13A /* Debug */,
				4E818008155C92E800FAF13A /* Release */,
			);
			defaultConfigurationIsVisible = 0;
			defaultConfigurationName = Release;
		};
		4E818009155C92E800FAF13A /* Build configuration list for PBXNativeTarget "OfflineView" */ = {
			isa = XCConfigurationList;
			buildConfigurations = (
				4E81800A155C92E800FAF13A /* Debug */,
				4E81800B155C92E800FAF13A /* Release */,
			);
			defaultConfigurationIsVisible = 0;
			defaultConfigurationName = Release;
		};
		4E81800C155C92E800FAF13A /* Build configuration list for PBXNativeTarget "OfflineViewTests" */ = {
			isa = XCConfigurationList;
			buildConfigurations = (
				4E81800D155C92E800FAF13A /* Debug */,
				4E81800E155C92E800FAF13A /* Release */,
			);
			defaultConfigurationIsVisible = 0;
			defaultConfigurationName = Release;
		};
/* End XCConfigurationList section */

/* Begin XCVersionGroup section */
		4E817FE8155C92E800FAF13A /* OfflineView.xcdatamodeld */ = {
			isa = XCVersionGroup;
			children = (
				4E817FE9155C92E800FAF13A /* OfflineView.xcdatamodel */,
			);
			currentVersion = 4E817FE9155C92E800FAF13A /* OfflineView.xcdatamodel */;
			path = OfflineView.xcdatamodeld;
			sourceTree = "<group>";
			versionGroupType = wrapper.xcdatamodel;
		};
/* End XCVersionGroup section */
	};
	rootObject = 4E817FC4155C92E800FAF13A /* Project object */;
}
