// !$*UTF8*$!
{
	archiveVersion = 1;
	classes = {
	};
	objectVersion = 46;
	objects = {

/* Begin PBXBuildFile section */
		748AEC8A1568EEF100E7875E /* UIKit.framework in Frameworks */ = {isa = PBXBuildFile; fileRef = 748AEC891568EEF100E7875E /* UIKit.framework */; };
		748AEC8C1568EEF100E7875E /* Foundation.framework in Frameworks */ = {isa = PBXBuildFile; fileRef = 748AEC8B1568EEF100E7875E /* Foundation.framework */; };
		748AEC8E1568EEF100E7875E /* CoreGraphics.framework in Frameworks */ = {isa = PBXBuildFile; fileRef = 748AEC8D1568EEF100E7875E /* CoreGraphics.framework */; };
		748AEC901568EEF100E7875E /* CoreData.framework in Frameworks */ = {isa = PBXBuildFile; fileRef = 748AEC8F1568EEF100E7875E /* CoreData.framework */; };
		748AEC961568EEF100E7875E /* InfoPlist.strings in Resources */ = {isa = PBXBuildFile; fileRef = 748AEC941568EEF100E7875E /* InfoPlist.strings */; };
		748AEC981568EEF100E7875E /* main.m in Sources */ = {isa = PBXBuildFile; fileRef = 748AEC971568EEF100E7875E /* main.m */; };
		748AEC9C1568EEF100E7875E /* AppDelegate.m in Sources */ = {isa = PBXBuildFile; fileRef = 748AEC9B1568EEF100E7875E /* AppDelegate.m */; };
		748AEC9F1568EEF100E7875E /* MainStoryboard.storyboard in Resources */ = {isa = PBXBuildFile; fileRef = 748AEC9D1568EEF100E7875E /* MainStoryboard.storyboard */; };
		748AECA21568EEF100E7875E /* OfflineView.xcdatamodeld in Sources */ = {isa = PBXBuildFile; fileRef = 748AECA01568EEF100E7875E /* OfflineView.xcdatamodeld */; };
		748AECA51568EEF100E7875E /* MasterViewController.m in Sources */ = {isa = PBXBuildFile; fileRef = 748AECA41568EEF100E7875E /* MasterViewController.m */; };
		748AECA81568EEF100E7875E /* DetailViewController.m in Sources */ = {isa = PBXBuildFile; fileRef = 748AECA71568EEF100E7875E /* DetailViewController.m */; };
		748AECF91568F00300E7875E /* Icon.png in Resources */ = {isa = PBXBuildFile; fileRef = 748AECF71568F00300E7875E /* Icon.png */; };
		748AECFA1568F00300E7875E /* start.png in Resources */ = {isa = PBXBuildFile; fileRef = 748AECF81568F00300E7875E /* start.png */; };
		748AECFD1568F09C00E7875E /* libRestKit.a in Frameworks */ = {isa = PBXBuildFile; fileRef = 748AECCA1568EFA000E7875E /* libRestKit.a */; };
		748AED051568F09D00E7875E /* CFNetwork.framework in Frameworks */ = {isa = PBXBuildFile; fileRef = 748AECFF1568F09D00E7875E /* CFNetwork.framework */; };
		748AED061568F09D00E7875E /* CoreFoundation.framework in Frameworks */ = {isa = PBXBuildFile; fileRef = 748AED001568F09D00E7875E /* CoreFoundation.framework */; };
		748AED071568F09D00E7875E /* libxml2.dylib in Frameworks */ = {isa = PBXBuildFile; fileRef = 748AED011568F09D00E7875E /* libxml2.dylib */; };
		748AED081568F09D00E7875E /* QuartzCore.framework in Frameworks */ = {isa = PBXBuildFile; fileRef = 748AED021568F09D00E7875E /* QuartzCore.framework */; };
		748AED091568F09D00E7875E /* Security.framework in Frameworks */ = {isa = PBXBuildFile; fileRef = 748AED031568F09D00E7875E /* Security.framework */; };
		748AED0A1568F09D00E7875E /* SystemConfiguration.framework in Frameworks */ = {isa = PBXBuildFile; fileRef = 748AED041568F09D00E7875E /* SystemConfiguration.framework */; };
		748AED0B1568F0D300E7875E /* TweetViewController.m in Sources */ = {isa = PBXBuildFile; fileRef = 748AECB51568EF4E00E7875E /* TweetViewController.m */; };
		748AED0C1568F0D300E7875E /* TwitterOAuthLogic.m in Sources */ = {isa = PBXBuildFile; fileRef = 748AECB71568EF4E00E7875E /* TwitterOAuthLogic.m */; };
		748AED0D1568F0D300E7875E /* TwitterPublicSyncLogic.m in Sources */ = {isa = PBXBuildFile; fileRef = 748AECB91568EF4E00E7875E /* TwitterPublicSyncLogic.m */; };
		748AED0E1568F0D300E7875E /* TwitterTimeLineLogic.m in Sources */ = {isa = PBXBuildFile; fileRef = 748AECBB1568EF4E00E7875E /* TwitterTimeLineLogic.m */; };
		748AED0F1568F0D300E7875E /* WebViewController.m in Sources */ = {isa = PBXBuildFile; fileRef = 748AECBD1568EF4E00E7875E /* WebViewController.m */; };
		748AED101568F0D300E7875E /* PostTweetLogic.m in Sources */ = {isa = PBXBuildFile; fileRef = 748AECB11568EF3A00E7875E /* PostTweetLogic.m */; };
		748AED111568F0D300E7875E /* StartViewController.m in Sources */ = {isa = PBXBuildFile; fileRef = 748AECB31568EF3A00E7875E /* StartViewController.m */; };
		748AED121568F0D300E7875E /* HeaderView.m in Sources */ = {isa = PBXBuildFile; fileRef = 748AECAF1568EF2300E7875E /* HeaderView.m */; };
		748AED131568F0D300E7875E /* GTMHTTPFetcher.m in Sources */ = {isa = PBXBuildFile; fileRef = 748AECEF1568EFED00E7875E /* GTMHTTPFetcher.m */; settings = {COMPILER_FLAGS = "-fno-objc-arc"; }; };
		748AED141568F0D300E7875E /* GTMOAuthAuthentication.m in Sources */ = {isa = PBXBuildFile; fileRef = 748AECF11568EFED00E7875E /* GTMOAuthAuthentication.m */; settings = {COMPILER_FLAGS = "-fno-objc-arc"; }; };
		748AED151568F0D300E7875E /* GTMOAuthSignIn.m in Sources */ = {isa = PBXBuildFile; fileRef = 748AECF31568EFED00E7875E /* GTMOAuthSignIn.m */; settings = {COMPILER_FLAGS = "-fno-objc-arc"; }; };
		748AED161568F0D300E7875E /* GTMOAuthViewControllerTouch.m in Sources */ = {isa = PBXBuildFile; fileRef = 748AECF51568EFED00E7875E /* GTMOAuthViewControllerTouch.m */; settings = {COMPILER_FLAGS = "-fno-objc-arc"; }; };
		748AED171568F0D300E7875E /* NSObject+SBJson.m in Sources */ = {isa = PBXBuildFile; fileRef = 748AECD61568EFE000E7875E /* NSObject+SBJson.m */; };
		748AED181568F0D300E7875E /* SBJsonParser.m in Sources */ = {isa = PBXBuildFile; fileRef = 748AECD91568EFE000E7875E /* SBJsonParser.m */; };
		748AED191568F0D300E7875E /* SBJsonStreamParser.m in Sources */ = {isa = PBXBuildFile; fileRef = 748AECDB1568EFE000E7875E /* SBJsonStreamParser.m */; };
		748AED1A1568F0D300E7875E /* SBJsonStreamParserAccumulator.m in Sources */ = {isa = PBXBuildFile; fileRef = 748AECDD1568EFE000E7875E /* SBJsonStreamParserAccumulator.m */; };
		748AED1B1568F0D300E7875E /* SBJsonStreamParserAdapter.m in Sources */ = {isa = PBXBuildFile; fileRef = 748AECDF1568EFE000E7875E /* SBJsonStreamParserAdapter.m */; };
		748AED1C1568F0D300E7875E /* SBJsonStreamParserState.m in Sources */ = {isa = PBXBuildFile; fileRef = 748AECE11568EFE000E7875E /* SBJsonStreamParserState.m */; };
		748AED1D1568F0D300E7875E /* SBJsonStreamWriter.m in Sources */ = {isa = PBXBuildFile; fileRef = 748AECE31568EFE000E7875E /* SBJsonStreamWriter.m */; };
		748AED1E1568F0D300E7875E /* SBJsonStreamWriterAccumulator.m in Sources */ = {isa = PBXBuildFile; fileRef = 748AECE51568EFE000E7875E /* SBJsonStreamWriterAccumulator.m */; };
		748AED1F1568F0D300E7875E /* SBJsonStreamWriterState.m in Sources */ = {isa = PBXBuildFile; fileRef = 748AECE71568EFE000E7875E /* SBJsonStreamWriterState.m */; };
		748AED201568F0D300E7875E /* SBJsonTokeniser.m in Sources */ = {isa = PBXBuildFile; fileRef = 748AECE91568EFE000E7875E /* SBJsonTokeniser.m */; };
		748AED211568F0D300E7875E /* SBJsonUTF8Stream.m in Sources */ = {isa = PBXBuildFile; fileRef = 748AECEB1568EFE000E7875E /* SBJsonUTF8Stream.m */; };
		748AED221568F0D300E7875E /* SBJsonWriter.m in Sources */ = {isa = PBXBuildFile; fileRef = 748AECED1568EFE000E7875E /* SBJsonWriter.m */; };
		748AED281568F13E00E7875E /* TweetStatus.m in Sources */ = {isa = PBXBuildFile; fileRef = 748AED271568F13E00E7875E /* TweetStatus.m */; };
		748AED2B1568F14000E7875E /* TweetUser.m in Sources */ = {isa = PBXBuildFile; fileRef = 748AED2A1568F14000E7875E /* TweetUser.m */; };
		748AED2D1568F1C900E7875E /* MobileCoreServices.framework in Frameworks */ = {isa = PBXBuildFile; fileRef = 748AED2C1568F1C900E7875E /* MobileCoreServices.framework */; };
		748AED2F1568F1E000E7875E /* iAd.framework in Frameworks */ = {isa = PBXBuildFile; fileRef = 748AED2E1568F1E000E7875E /* iAd.framework */; };
		748AED331568F5C800E7875E /* Twitter.framework in Frameworks */ = {isa = PBXBuildFile; fileRef = 748AED321568F5C800E7875E /* Twitter.framework */; };
/* End PBXBuildFile section */

/* Begin PBXContainerItemProxy section */
		748AECC91568EFA000E7875E /* PBXContainerItemProxy */ = {
			isa = PBXContainerItemProxy;
			containerPortal = 748AECBE1568EF9F00E7875E /* RestKit.xcodeproj */;
			proxyType = 2;
			remoteGlobalIDString = 25160D1614564E810060A5C5;
			remoteInfo = RestKit;
		};
		748AECCB1568EFA000E7875E /* PBXContainerItemProxy */ = {
			isa = PBXContainerItemProxy;
			containerPortal = 748AECBE1568EF9F00E7875E /* RestKit.xcodeproj */;
			proxyType = 2;
			remoteGlobalIDString = 25160D2614564E820060A5C5;
			remoteInfo = RestKitTests;
		};
		748AECCD1568EFA000E7875E /* PBXContainerItemProxy */ = {
			isa = PBXContainerItemProxy;
			containerPortal = 748AECBE1568EF9F00E7875E /* RestKit.xcodeproj */;
			proxyType = 2;
			remoteGlobalIDString = 25160E62145651060060A5C5;
			remoteInfo = RestKitFramework;
		};
		748AECCF1568EFA000E7875E /* PBXContainerItemProxy */ = {
			isa = PBXContainerItemProxy;
			containerPortal = 748AECBE1568EF9F00E7875E /* RestKit.xcodeproj */;
			proxyType = 2;
			remoteGlobalIDString = 25160E78145651060060A5C5;
			remoteInfo = RestKitFrameworkTests;
		};
		748AECD11568EFA000E7875E /* PBXContainerItemProxy */ = {
			isa = PBXContainerItemProxy;
			containerPortal = 748AECBE1568EF9F00E7875E /* RestKit.xcodeproj */;
			proxyType = 2;
			remoteGlobalIDString = 259C301615128079003066A2;
			remoteInfo = RestKitResources;
		};
		748AECFB1568F06800E7875E /* PBXContainerItemProxy */ = {
			isa = PBXContainerItemProxy;
			containerPortal = 748AECBE1568EF9F00E7875E /* RestKit.xcodeproj */;
			proxyType = 1;
			remoteGlobalIDString = 25160D1514564E810060A5C5;
			remoteInfo = RestKit;
		};
/* End PBXContainerItemProxy section */

/* Begin PBXFileReference section */
		748AEC851568EEF100E7875E /* OfflineView.app */ = {isa = PBXFileReference; explicitFileType = wrapper.application; includeInIndex = 0; path = OfflineView.app; sourceTree = BUILT_PRODUCTS_DIR; };
		748AEC891568EEF100E7875E /* UIKit.framework */ = {isa = PBXFileReference; lastKnownFileType = wrapper.framework; name = UIKit.framework; path = System/Library/Frameworks/UIKit.framework; sourceTree = SDKROOT; };
		748AEC8B1568EEF100E7875E /* Foundation.framework */ = {isa = PBXFileReference; lastKnownFileType = wrapper.framework; name = Foundation.framework; path = System/Library/Frameworks/Foundation.framework; sourceTree = SDKROOT; };
		748AEC8D1568EEF100E7875E /* CoreGraphics.framework */ = {isa = PBXFileReference; lastKnownFileType = wrapper.framework; name = CoreGraphics.framework; path = System/Library/Frameworks/CoreGraphics.framework; sourceTree = SDKROOT; };
		748AEC8F1568EEF100E7875E /* CoreData.framework */ = {isa = PBXFileReference; lastKnownFileType = wrapper.framework; name = CoreData.framework; path = System/Library/Frameworks/CoreData.framework; sourceTree = SDKROOT; };
		748AEC931568EEF100E7875E /* OfflineView-Info.plist */ = {isa = PBXFileReference; lastKnownFileType = text.plist.xml; path = "OfflineView-Info.plist"; sourceTree = "<group>"; };
		748AEC951568EEF100E7875E /* en */ = {isa = PBXFileReference; lastKnownFileType = text.plist.strings; name = en; path = en.lproj/InfoPlist.strings; sourceTree = "<group>"; };
		748AEC971568EEF100E7875E /* main.m */ = {isa = PBXFileReference; lastKnownFileType = sourcecode.c.objc; path = main.m; sourceTree = "<group>"; };
		748AEC991568EEF100E7875E /* OfflineView-Prefix.pch */ = {isa = PBXFileReference; lastKnownFileType = sourcecode.c.h; path = "OfflineView-Prefix.pch"; sourceTree = "<group>"; };
		748AEC9A1568EEF100E7875E /* AppDelegate.h */ = {isa = PBXFileReference; lastKnownFileType = sourcecode.c.h; path = AppDelegate.h; sourceTree = "<group>"; };
		748AEC9B1568EEF100E7875E /* AppDelegate.m */ = {isa = PBXFileReference; lastKnownFileType = sourcecode.c.objc; path = AppDelegate.m; sourceTree = "<group>"; };
		748AEC9E1568EEF100E7875E /* en */ = {isa = PBXFileReference; lastKnownFileType = file.storyboard; name = en; path = en.lproj/MainStoryboard.storyboard; sourceTree = "<group>"; };
		748AECA11568EEF100E7875E /* OfflineView.xcdatamodel */ = {isa = PBXFileReference; lastKnownFileType = wrapper.xcdatamodel; path = OfflineView.xcdatamodel; sourceTree = "<group>"; };
		748AECA31568EEF100E7875E /* MasterViewController.h */ = {isa = PBXFileReference; lastKnownFileType = sourcecode.c.h; path = MasterViewController.h; sourceTree = "<group>"; };
		748AECA41568EEF100E7875E /* MasterViewController.m */ = {isa = PBXFileReference; lastKnownFileType = sourcecode.c.objc; path = MasterViewController.m; sourceTree = "<group>"; };
		748AECA61568EEF100E7875E /* DetailViewController.h */ = {isa = PBXFileReference; lastKnownFileType = sourcecode.c.h; path = DetailViewController.h; sourceTree = "<group>"; };
		748AECA71568EEF100E7875E /* DetailViewController.m */ = {isa = PBXFileReference; lastKnownFileType = sourcecode.c.objc; path = DetailViewController.m; sourceTree = "<group>"; };
		748AECAE1568EF2300E7875E /* HeaderView.h */ = {isa = PBXFileReference; lastKnownFileType = sourcecode.c.h; path = HeaderView.h; sourceTree = "<group>"; };
		748AECAF1568EF2300E7875E /* HeaderView.m */ = {isa = PBXFileReference; lastKnownFileType = sourcecode.c.objc; path = HeaderView.m; sourceTree = "<group>"; };
		748AECB01568EF3A00E7875E /* PostTweetLogic.h */ = {isa = PBXFileReference; lastKnownFileType = sourcecode.c.h; path = PostTweetLogic.h; sourceTree = "<group>"; };
		748AECB11568EF3A00E7875E /* PostTweetLogic.m */ = {isa = PBXFileReference; lastKnownFileType = sourcecode.c.objc; path = PostTweetLogic.m; sourceTree = "<group>"; };
		748AECB21568EF3A00E7875E /* StartViewController.h */ = {isa = PBXFileReference; lastKnownFileType = sourcecode.c.h; path = StartViewController.h; sourceTree = "<group>"; };
		748AECB31568EF3A00E7875E /* StartViewController.m */ = {isa = PBXFileReference; lastKnownFileType = sourcecode.c.objc; path = StartViewController.m; sourceTree = "<group>"; };
		748AECB41568EF4E00E7875E /* TweetViewController.h */ = {isa = PBXFileReference; lastKnownFileType = sourcecode.c.h; path = TweetViewController.h; sourceTree = "<group>"; };
		748AECB51568EF4E00E7875E /* TweetViewController.m */ = {isa = PBXFileReference; lastKnownFileType = sourcecode.c.objc; path = TweetViewController.m; sourceTree = "<group>"; };
		748AECB61568EF4E00E7875E /* TwitterOAuthLogic.h */ = {isa = PBXFileReference; lastKnownFileType = sourcecode.c.h; path = TwitterOAuthLogic.h; sourceTree = "<group>"; };
		748AECB71568EF4E00E7875E /* TwitterOAuthLogic.m */ = {isa = PBXFileReference; lastKnownFileType = sourcecode.c.objc; path = TwitterOAuthLogic.m; sourceTree = "<group>"; };
		748AECB81568EF4E00E7875E /* TwitterPublicSyncLogic.h */ = {isa = PBXFileReference; lastKnownFileType = sourcecode.c.h; path = TwitterPublicSyncLogic.h; sourceTree = "<group>"; };
		748AECB91568EF4E00E7875E /* TwitterPublicSyncLogic.m */ = {isa = PBXFileReference; lastKnownFileType = sourcecode.c.objc; path = TwitterPublicSyncLogic.m; sourceTree = "<group>"; };
		748AECBA1568EF4E00E7875E /* TwitterTimeLineLogic.h */ = {isa = PBXFileReference; lastKnownFileType = sourcecode.c.h; path = TwitterTimeLineLogic.h; sourceTree = "<group>"; };
		748AECBB1568EF4E00E7875E /* TwitterTimeLineLogic.m */ = {isa = PBXFileReference; lastKnownFileType = sourcecode.c.objc; path = TwitterTimeLineLogic.m; sourceTree = "<group>"; };
		748AECBC1568EF4E00E7875E /* WebViewController.h */ = {isa = PBXFileReference; lastKnownFileType = sourcecode.c.h; path = WebViewController.h; sourceTree = "<group>"; };
		748AECBD1568EF4E00E7875E /* WebViewController.m */ = {isa = PBXFileReference; lastKnownFileType = sourcecode.c.objc; path = WebViewController.m; sourceTree = "<group>"; };
		748AECBE1568EF9F00E7875E /* RestKit.xcodeproj */ = {isa = PBXFileReference; lastKnownFileType = "wrapper.pb-project"; name = RestKit.xcodeproj; path = RestKit/RestKit.xcodeproj; sourceTree = "<group>"; };
		748AECD51568EFE000E7875E /* NSObject+SBJson.h */ = {isa = PBXFileReference; lastKnownFileType = sourcecode.c.h; name = "NSObject+SBJson.h"; path = "SBJson_3.1/NSObject+SBJson.h"; sourceTree = "<group>"; };
		748AECD61568EFE000E7875E /* NSObject+SBJson.m */ = {isa = PBXFileReference; lastKnownFileType = sourcecode.c.objc; name = "NSObject+SBJson.m"; path = "SBJson_3.1/NSObject+SBJson.m"; sourceTree = "<group>"; };
		748AECD71568EFE000E7875E /* SBJson.h */ = {isa = PBXFileReference; lastKnownFileType = sourcecode.c.h; name = SBJson.h; path = SBJson_3.1/SBJson.h; sourceTree = "<group>"; };
		748AECD81568EFE000E7875E /* SBJsonParser.h */ = {isa = PBXFileReference; lastKnownFileType = sourcecode.c.h; name = SBJsonParser.h; path = SBJson_3.1/SBJsonParser.h; sourceTree = "<group>"; };
		748AECD91568EFE000E7875E /* SBJsonParser.m */ = {isa = PBXFileReference; lastKnownFileType = sourcecode.c.objc; name = SBJsonParser.m; path = SBJson_3.1/SBJsonParser.m; sourceTree = "<group>"; };
		748AECDA1568EFE000E7875E /* SBJsonStreamParser.h */ = {isa = PBXFileReference; lastKnownFileType = sourcecode.c.h; name = SBJsonStreamParser.h; path = SBJson_3.1/SBJsonStreamParser.h; sourceTree = "<group>"; };
		748AECDB1568EFE000E7875E /* SBJsonStreamParser.m */ = {isa = PBXFileReference; lastKnownFileType = sourcecode.c.objc; name = SBJsonStreamParser.m; path = SBJson_3.1/SBJsonStreamParser.m; sourceTree = "<group>"; };
		748AECDC1568EFE000E7875E /* SBJsonStreamParserAccumulator.h */ = {isa = PBXFileReference; lastKnownFileType = sourcecode.c.h; name = SBJsonStreamParserAccumulator.h; path = SBJson_3.1/SBJsonStreamParserAccumulator.h; sourceTree = "<group>"; };
		748AECDD1568EFE000E7875E /* SBJsonStreamParserAccumulator.m */ = {isa = PBXFileReference; lastKnownFileType = sourcecode.c.objc; name = SBJsonStreamParserAccumulator.m; path = SBJson_3.1/SBJsonStreamParserAccumulator.m; sourceTree = "<group>"; };
		748AECDE1568EFE000E7875E /* SBJsonStreamParserAdapter.h */ = {isa = PBXFileReference; lastKnownFileType = sourcecode.c.h; name = SBJsonStreamParserAdapter.h; path = SBJson_3.1/SBJsonStreamParserAdapter.h; sourceTree = "<group>"; };
		748AECDF1568EFE000E7875E /* SBJsonStreamParserAdapter.m */ = {isa = PBXFileReference; lastKnownFileType = sourcecode.c.objc; name = SBJsonStreamParserAdapter.m; path = SBJson_3.1/SBJsonStreamParserAdapter.m; sourceTree = "<group>"; };
		748AECE01568EFE000E7875E /* SBJsonStreamParserState.h */ = {isa = PBXFileReference; lastKnownFileType = sourcecode.c.h; name = SBJsonStreamParserState.h; path = SBJson_3.1/SBJsonStreamParserState.h; sourceTree = "<group>"; };
		748AECE11568EFE000E7875E /* SBJsonStreamParserState.m */ = {isa = PBXFileReference; lastKnownFileType = sourcecode.c.objc; name = SBJsonStreamParserState.m; path = SBJson_3.1/SBJsonStreamParserState.m; sourceTree = "<group>"; };
		748AECE21568EFE000E7875E /* SBJsonStreamWriter.h */ = {isa = PBXFileReference; lastKnownFileType = sourcecode.c.h; name = SBJsonStreamWriter.h; path = SBJson_3.1/SBJsonStreamWriter.h; sourceTree = "<group>"; };
		748AECE31568EFE000E7875E /* SBJsonStreamWriter.m */ = {isa = PBXFileReference; lastKnownFileType = sourcecode.c.objc; name = SBJsonStreamWriter.m; path = SBJson_3.1/SBJsonStreamWriter.m; sourceTree = "<group>"; };
		748AECE41568EFE000E7875E /* SBJsonStreamWriterAccumulator.h */ = {isa = PBXFileReference; lastKnownFileType = sourcecode.c.h; name = SBJsonStreamWriterAccumulator.h; path = SBJson_3.1/SBJsonStreamWriterAccumulator.h; sourceTree = "<group>"; };
		748AECE51568EFE000E7875E /* SBJsonStreamWriterAccumulator.m */ = {isa = PBXFileReference; lastKnownFileType = sourcecode.c.objc; name = SBJsonStreamWriterAccumulator.m; path = SBJson_3.1/SBJsonStreamWriterAccumulator.m; sourceTree = "<group>"; };
		748AECE61568EFE000E7875E /* SBJsonStreamWriterState.h */ = {isa = PBXFileReference; lastKnownFileType = sourcecode.c.h; name = SBJsonStreamWriterState.h; path = SBJson_3.1/SBJsonStreamWriterState.h; sourceTree = "<group>"; };
		748AECE71568EFE000E7875E /* SBJsonStreamWriterState.m */ = {isa = PBXFileReference; lastKnownFileType = sourcecode.c.objc; name = SBJsonStreamWriterState.m; path = SBJson_3.1/SBJsonStreamWriterState.m; sourceTree = "<group>"; };
		748AECE81568EFE000E7875E /* SBJsonTokeniser.h */ = {isa = PBXFileReference; lastKnownFileType = sourcecode.c.h; name = SBJsonTokeniser.h; path = SBJson_3.1/SBJsonTokeniser.h; sourceTree = "<group>"; };
		748AECE91568EFE000E7875E /* SBJsonTokeniser.m */ = {isa = PBXFileReference; lastKnownFileType = sourcecode.c.objc; name = SBJsonTokeniser.m; path = SBJson_3.1/SBJsonTokeniser.m; sourceTree = "<group>"; };
		748AECEA1568EFE000E7875E /* SBJsonUTF8Stream.h */ = {isa = PBXFileReference; lastKnownFileType = sourcecode.c.h; name = SBJsonUTF8Stream.h; path = SBJson_3.1/SBJsonUTF8Stream.h; sourceTree = "<group>"; };
		748AECEB1568EFE000E7875E /* SBJsonUTF8Stream.m */ = {isa = PBXFileReference; lastKnownFileType = sourcecode.c.objc; name = SBJsonUTF8Stream.m; path = SBJson_3.1/SBJsonUTF8Stream.m; sourceTree = "<group>"; };
		748AECEC1568EFE000E7875E /* SBJsonWriter.h */ = {isa = PBXFileReference; lastKnownFileType = sourcecode.c.h; name = SBJsonWriter.h; path = SBJson_3.1/SBJsonWriter.h; sourceTree = "<group>"; };
		748AECED1568EFE000E7875E /* SBJsonWriter.m */ = {isa = PBXFileReference; lastKnownFileType = sourcecode.c.objc; name = SBJsonWriter.m; path = SBJson_3.1/SBJsonWriter.m; sourceTree = "<group>"; };
		748AECEE1568EFED00E7875E /* GTMHTTPFetcher.h */ = {isa = PBXFileReference; lastKnownFileType = sourcecode.c.h; name = GTMHTTPFetcher.h; path = "gtm-oauth/GTMHTTPFetcher.h"; sourceTree = "<group>"; };
		748AECEF1568EFED00E7875E /* GTMHTTPFetcher.m */ = {isa = PBXFileReference; lastKnownFileType = sourcecode.c.objc; name = GTMHTTPFetcher.m; path = "gtm-oauth/GTMHTTPFetcher.m"; sourceTree = "<group>"; };
		748AECF01568EFED00E7875E /* GTMOAuthAuthentication.h */ = {isa = PBXFileReference; lastKnownFileType = sourcecode.c.h; name = GTMOAuthAuthentication.h; path = "gtm-oauth/GTMOAuthAuthentication.h"; sourceTree = "<group>"; };
		748AECF11568EFED00E7875E /* GTMOAuthAuthentication.m */ = {isa = PBXFileReference; lastKnownFileType = sourcecode.c.objc; name = GTMOAuthAuthentication.m; path = "gtm-oauth/GTMOAuthAuthentication.m"; sourceTree = "<group>"; };
		748AECF21568EFED00E7875E /* GTMOAuthSignIn.h */ = {isa = PBXFileReference; lastKnownFileType = sourcecode.c.h; name = GTMOAuthSignIn.h; path = "gtm-oauth/GTMOAuthSignIn.h"; sourceTree = "<group>"; };
		748AECF31568EFED00E7875E /* GTMOAuthSignIn.m */ = {isa = PBXFileReference; lastKnownFileType = sourcecode.c.objc; name = GTMOAuthSignIn.m; path = "gtm-oauth/GTMOAuthSignIn.m"; sourceTree = "<group>"; };
		748AECF41568EFED00E7875E /* GTMOAuthViewControllerTouch.h */ = {isa = PBXFileReference; lastKnownFileType = sourcecode.c.h; name = GTMOAuthViewControllerTouch.h; path = "gtm-oauth/GTMOAuthViewControllerTouch.h"; sourceTree = "<group>"; };
		748AECF51568EFED00E7875E /* GTMOAuthViewControllerTouch.m */ = {isa = PBXFileReference; lastKnownFileType = sourcecode.c.objc; name = GTMOAuthViewControllerTouch.m; path = "gtm-oauth/GTMOAuthViewControllerTouch.m"; sourceTree = "<group>"; };
		748AECF61568EFED00E7875E /* GTMOAuthViewTouch.xib */ = {isa = PBXFileReference; lastKnownFileType = file.xib; name = GTMOAuthViewTouch.xib; path = "gtm-oauth/GTMOAuthViewTouch.xib"; sourceTree = "<group>"; };
		748AECF71568F00300E7875E /* Icon.png */ = {isa = PBXFileReference; lastKnownFileType = image.png; path = Icon.png; sourceTree = SOURCE_ROOT; };
		748AECF81568F00300E7875E /* start.png */ = {isa = PBXFileReference; lastKnownFileType = image.png; path = start.png; sourceTree = SOURCE_ROOT; };
		748AECFF1568F09D00E7875E /* CFNetwork.framework */ = {isa = PBXFileReference; lastKnownFileType = wrapper.framework; name = CFNetwork.framework; path = System/Library/Frameworks/CFNetwork.framework; sourceTree = SDKROOT; };
		748AED001568F09D00E7875E /* CoreFoundation.framework */ = {isa = PBXFileReference; lastKnownFileType = wrapper.framework; name = CoreFoundation.framework; path = System/Library/Frameworks/CoreFoundation.framework; sourceTree = SDKROOT; };
		748AED011568F09D00E7875E /* libxml2.dylib */ = {isa = PBXFileReference; lastKnownFileType = "compiled.mach-o.dylib"; name = libxml2.dylib; path = usr/lib/libxml2.dylib; sourceTree = SDKROOT; };
		748AED021568F09D00E7875E /* QuartzCore.framework */ = {isa = PBXFileReference; lastKnownFileType = wrapper.framework; name = QuartzCore.framework; path = System/Library/Frameworks/QuartzCore.framework; sourceTree = SDKROOT; };
		748AED031568F09D00E7875E /* Security.framework */ = {isa = PBXFileReference; lastKnownFileType = wrapper.framework; name = Security.framework; path = System/Library/Frameworks/Security.framework; sourceTree = SDKROOT; };
		748AED041568F09D00E7875E /* SystemConfiguration.framework */ = {isa = PBXFileReference; lastKnownFileType = wrapper.framework; name = SystemConfiguration.framework; path = System/Library/Frameworks/SystemConfiguration.framework; sourceTree = SDKROOT; };
		748AED261568F13E00E7875E /* TweetStatus.h */ = {isa = PBXFileReference; fileEncoding = 4; lastKnownFileType = sourcecode.c.h; path = TweetStatus.h; sourceTree = "<group>"; };
		748AED271568F13E00E7875E /* TweetStatus.m */ = {isa = PBXFileReference; fileEncoding = 4; lastKnownFileType = sourcecode.c.objc; path = TweetStatus.m; sourceTree = "<group>"; };
		748AED291568F14000E7875E /* TweetUser.h */ = {isa = PBXFileReference; fileEncoding = 4; lastKnownFileType = sourcecode.c.h; path = TweetUser.h; sourceTree = "<group>"; };
		748AED2A1568F14000E7875E /* TweetUser.m */ = {isa = PBXFileReference; fileEncoding = 4; lastKnownFileType = sourcecode.c.objc; path = TweetUser.m; sourceTree = "<group>"; };
		748AED2C1568F1C900E7875E /* MobileCoreServices.framework */ = {isa = PBXFileReference; lastKnownFileType = wrapper.framework; name = MobileCoreServices.framework; path = System/Library/Frameworks/MobileCoreServices.framework; sourceTree = SDKROOT; };
		748AED2E1568F1E000E7875E /* iAd.framework */ = {isa = PBXFileReference; lastKnownFileType = wrapper.framework; name = iAd.framework; path = System/Library/Frameworks/iAd.framework; sourceTree = SDKROOT; };
		748AED321568F5C800E7875E /* Twitter.framework */ = {isa = PBXFileReference; lastKnownFileType = wrapper.framework; name = Twitter.framework; path = System/Library/Frameworks/Twitter.framework; sourceTree = SDKROOT; };
/* End PBXFileReference section */

/* Begin PBXFrameworksBuildPhase section */
		748AEC821568EEF100E7875E /* Frameworks */ = {
			isa = PBXFrameworksBuildPhase;
			buildActionMask = 2147483647;
			files = (
				748AED331568F5C800E7875E /* Twitter.framework in Frameworks */,
				748AED2F1568F1E000E7875E /* iAd.framework in Frameworks */,
				748AED2D1568F1C900E7875E /* MobileCoreServices.framework in Frameworks */,
				748AED051568F09D00E7875E /* CFNetwork.framework in Frameworks */,
				748AED061568F09D00E7875E /* CoreFoundation.framework in Frameworks */,
				748AED071568F09D00E7875E /* libxml2.dylib in Frameworks */,
				748AED081568F09D00E7875E /* QuartzCore.framework in Frameworks */,
				748AED091568F09D00E7875E /* Security.framework in Frameworks */,
				748AED0A1568F09D00E7875E /* SystemConfiguration.framework in Frameworks */,
				748AECFD1568F09C00E7875E /* libRestKit.a in Frameworks */,
				748AEC901568EEF100E7875E /* CoreData.framework in Frameworks */,
				748AEC8A1568EEF100E7875E /* UIKit.framework in Frameworks */,
				748AEC8C1568EEF100E7875E /* Foundation.framework in Frameworks */,
				748AEC8E1568EEF100E7875E /* CoreGraphics.framework in Frameworks */,
			);
			runOnlyForDeploymentPostprocessing = 0;
		};
/* End PBXFrameworksBuildPhase section */

/* Begin PBXGroup section */
		748AEC7A1568EEF100E7875E = {
			isa = PBXGroup;
			children = (
				748AEC911568EEF100E7875E /* OfflineView */,
				748AEC881568EEF100E7875E /* Frameworks */,
				748AEC861568EEF100E7875E /* Products */,
			);
			sourceTree = "<group>";
		};
		748AEC861568EEF100E7875E /* Products */ = {
			isa = PBXGroup;
			children = (
				748AEC851568EEF100E7875E /* OfflineView.app */,
			);
			name = Products;
			sourceTree = "<group>";
		};
		748AEC881568EEF100E7875E /* Frameworks */ = {
			isa = PBXGroup;
			children = (
				748AED321568F5C800E7875E /* Twitter.framework */,
				748AED2E1568F1E000E7875E /* iAd.framework */,
				748AED2C1568F1C900E7875E /* MobileCoreServices.framework */,
				748AECFF1568F09D00E7875E /* CFNetwork.framework */,
				748AED001568F09D00E7875E /* CoreFoundation.framework */,
				748AED011568F09D00E7875E /* libxml2.dylib */,
				748AED021568F09D00E7875E /* QuartzCore.framework */,
				748AED031568F09D00E7875E /* Security.framework */,
				748AED041568F09D00E7875E /* SystemConfiguration.framework */,
				748AECD41568EFC300E7875E /* gtm-oauth */,
				748AECD31568EFBA00E7875E /* SBJson_3.1 */,
				748AECBE1568EF9F00E7875E /* RestKit.xcodeproj */,
				748AEC891568EEF100E7875E /* UIKit.framework */,
				748AEC8B1568EEF100E7875E /* Foundation.framework */,
				748AEC8D1568EEF100E7875E /* CoreGraphics.framework */,
				748AEC8F1568EEF100E7875E /* CoreData.framework */,
			);
			name = Frameworks;
			sourceTree = "<group>";
		};
		748AEC911568EEF100E7875E /* OfflineView */ = {
			isa = PBXGroup;
			children = (
				748AED251568F12A00E7875E /* Controller */,
				748AED241568F12500E7875E /* View */,
				748AED231568F12000E7875E /* Model */,
				748AEC9A1568EEF100E7875E /* AppDelegate.h */,
				748AEC9B1568EEF100E7875E /* AppDelegate.m */,
				748AECA31568EEF100E7875E /* MasterViewController.h */,
				748AECA41568EEF100E7875E /* MasterViewController.m */,
				748AECA61568EEF100E7875E /* DetailViewController.h */,
				748AECA71568EEF100E7875E /* DetailViewController.m */,
				748AECA01568EEF100E7875E /* OfflineView.xcdatamodeld */,
				748AEC921568EEF100E7875E /* Supporting Files */,
			);
			path = OfflineView;
			sourceTree = "<group>";
		};
		748AEC921568EEF100E7875E /* Supporting Files */ = {
			isa = PBXGroup;
			children = (
				748AECF71568F00300E7875E /* Icon.png */,
				748AECF81568F00300E7875E /* start.png */,
				748AEC931568EEF100E7875E /* OfflineView-Info.plist */,
				748AEC941568EEF100E7875E /* InfoPlist.strings */,
				748AEC971568EEF100E7875E /* main.m */,
				748AEC991568EEF100E7875E /* OfflineView-Prefix.pch */,
			);
			name = "Supporting Files";
			sourceTree = "<group>";
		};
		748AECBF1568EF9F00E7875E /* Products */ = {
			isa = PBXGroup;
			children = (
				748AECCA1568EFA000E7875E /* libRestKit.a */,
				748AECCC1568EFA000E7875E /* RestKitTests.octest */,
				748AECCE1568EFA000E7875E /* RestKit.framework */,
				748AECD01568EFA000E7875E /* RestKitFrameworkTests.octest */,
				748AECD21568EFA000E7875E /* RestKitResources.bundle */,
			);
			name = Products;
			sourceTree = "<group>";
		};
		748AECD31568EFBA00E7875E /* SBJson_3.1 */ = {
			isa = PBXGroup;
			children = (
				748AECD51568EFE000E7875E /* NSObject+SBJson.h */,
				748AECD61568EFE000E7875E /* NSObject+SBJson.m */,
				748AECD71568EFE000E7875E /* SBJson.h */,
				748AECD81568EFE000E7875E /* SBJsonParser.h */,
				748AECD91568EFE000E7875E /* SBJsonParser.m */,
				748AECDA1568EFE000E7875E /* SBJsonStreamParser.h */,
				748AECDB1568EFE000E7875E /* SBJsonStreamParser.m */,
				748AECDC1568EFE000E7875E /* SBJsonStreamParserAccumulator.h */,
				748AECDD1568EFE000E7875E /* SBJsonStreamParserAccumulator.m */,
				748AECDE1568EFE000E7875E /* SBJsonStreamParserAdapter.h */,
				748AECDF1568EFE000E7875E /* SBJsonStreamParserAdapter.m */,
				748AECE01568EFE000E7875E /* SBJsonStreamParserState.h */,
				748AECE11568EFE000E7875E /* SBJsonStreamParserState.m */,
				748AECE21568EFE000E7875E /* SBJsonStreamWriter.h */,
				748AECE31568EFE000E7875E /* SBJsonStreamWriter.m */,
				748AECE41568EFE000E7875E /* SBJsonStreamWriterAccumulator.h */,
				748AECE51568EFE000E7875E /* SBJsonStreamWriterAccumulator.m */,
				748AECE61568EFE000E7875E /* SBJsonStreamWriterState.h */,
				748AECE71568EFE000E7875E /* SBJsonStreamWriterState.m */,
				748AECE81568EFE000E7875E /* SBJsonTokeniser.h */,
				748AECE91568EFE000E7875E /* SBJsonTokeniser.m */,
				748AECEA1568EFE000E7875E /* SBJsonUTF8Stream.h */,
				748AECEB1568EFE000E7875E /* SBJsonUTF8Stream.m */,
				748AECEC1568EFE000E7875E /* SBJsonWriter.h */,
				748AECED1568EFE000E7875E /* SBJsonWriter.m */,
			);
			name = SBJson_3.1;
			sourceTree = "<group>";
		};
		748AECD41568EFC300E7875E /* gtm-oauth */ = {
			isa = PBXGroup;
			children = (
				748AECEE1568EFED00E7875E /* GTMHTTPFetcher.h */,
				748AECEF1568EFED00E7875E /* GTMHTTPFetcher.m */,
				748AECF01568EFED00E7875E /* GTMOAuthAuthentication.h */,
				748AECF11568EFED00E7875E /* GTMOAuthAuthentication.m */,
				748AECF21568EFED00E7875E /* GTMOAuthSignIn.h */,
				748AECF31568EFED00E7875E /* GTMOAuthSignIn.m */,
				748AECF41568EFED00E7875E /* GTMOAuthViewControllerTouch.h */,
				748AECF51568EFED00E7875E /* GTMOAuthViewControllerTouch.m */,
				748AECF61568EFED00E7875E /* GTMOAuthViewTouch.xib */,
			);
			name = "gtm-oauth";
			sourceTree = "<group>";
		};
		748AED231568F12000E7875E /* Model */ = {
			isa = PBXGroup;
			children = (
				748AED311568F21200E7875E /* Logic */,
				748AED301568F20F00E7875E /* Entity */,
			);
			name = Model;
			sourceTree = "<group>";
		};
		748AED241568F12500E7875E /* View */ = {
			isa = PBXGroup;
			children = (
				748AEC9D1568EEF100E7875E /* MainStoryboard.storyboard */,
				748AECAE1568EF2300E7875E /* HeaderView.h */,
				748AECAF1568EF2300E7875E /* HeaderView.m */,
			);
			name = View;
			sourceTree = "<group>";
		};
		748AED251568F12A00E7875E /* Controller */ = {
			isa = PBXGroup;
			children = (
				748AECB21568EF3A00E7875E /* StartViewController.h */,
				748AECB31568EF3A00E7875E /* StartViewController.m */,
				748AECBC1568EF4E00E7875E /* WebViewController.h */,
				748AECBD1568EF4E00E7875E /* WebViewController.m */,
				748AECB41568EF4E00E7875E /* TweetViewController.h */,
				748AECB51568EF4E00E7875E /* TweetViewController.m */,
			);
			name = Controller;
			sourceTree = "<group>";
		};
		748AED301568F20F00E7875E /* Entity */ = {
			isa = PBXGroup;
			children = (
				748AED291568F14000E7875E /* TweetUser.h */,
				748AED2A1568F14000E7875E /* TweetUser.m */,
				748AED261568F13E00E7875E /* TweetStatus.h */,
				748AED271568F13E00E7875E /* TweetStatus.m */,
			);
			name = Entity;
			sourceTree = "<group>";
		};
		748AED311568F21200E7875E /* Logic */ = {
			isa = PBXGroup;
			children = (
				748AECB01568EF3A00E7875E /* PostTweetLogic.h */,
				748AECB11568EF3A00E7875E /* PostTweetLogic.m */,
				748AECB61568EF4E00E7875E /* TwitterOAuthLogic.h */,
				748AECB71568EF4E00E7875E /* TwitterOAuthLogic.m */,
				748AECB81568EF4E00E7875E /* TwitterPublicSyncLogic.h */,
				748AECB91568EF4E00E7875E /* TwitterPublicSyncLogic.m */,
				748AECBA1568EF4E00E7875E /* TwitterTimeLineLogic.h */,
				748AECBB1568EF4E00E7875E /* TwitterTimeLineLogic.m */,
			);
			name = Logic;
			sourceTree = "<group>";
		};
/* End PBXGroup section */

/* Begin PBXNativeTarget section */
		748AEC841568EEF100E7875E /* OfflineView */ = {
			isa = PBXNativeTarget;
			buildConfigurationList = 748AECAB1568EEF100E7875E /* Build configuration list for PBXNativeTarget "OfflineView" */;
			buildPhases = (
				748AEC811568EEF100E7875E /* Sources */,
				748AEC821568EEF100E7875E /* Frameworks */,
				748AEC831568EEF100E7875E /* Resources */,
			);
			buildRules = (
			);
			dependencies = (
				748AECFC1568F06800E7875E /* PBXTargetDependency */,
			);
			name = OfflineView;
			productName = OfflineView;
			productReference = 748AEC851568EEF100E7875E /* OfflineView.app */;
			productType = "com.apple.product-type.application";
		};
/* End PBXNativeTarget section */

/* Begin PBXProject section */
		748AEC7C1568EEF100E7875E /* Project object */ = {
			isa = PBXProject;
			attributes = {
				LastUpgradeCheck = 0430;
				ORGANIZATIONNAME = qualysite;
			};
			buildConfigurationList = 748AEC7F1568EEF100E7875E /* Build configuration list for PBXProject "OfflineView" */;
			compatibilityVersion = "Xcode 3.2";
			developmentRegion = English;
			hasScannedForEncodings = 0;
			knownRegions = (
				en,
			);
			mainGroup = 748AEC7A1568EEF100E7875E;
			productRefGroup = 748AEC861568EEF100E7875E /* Products */;
			projectDirPath = "";
			projectReferences = (
				{
					ProductGroup = 748AECBF1568EF9F00E7875E /* Products */;
					ProjectRef = 748AECBE1568EF9F00E7875E /* RestKit.xcodeproj */;
				},
			);
			projectRoot = "";
			targets = (
				748AEC841568EEF100E7875E /* OfflineView */,
			);
		};
/* End PBXProject section */

/* Begin PBXReferenceProxy section */
		748AECCA1568EFA000E7875E /* libRestKit.a */ = {
			isa = PBXReferenceProxy;
			fileType = archive.ar;
			path = libRestKit.a;
			remoteRef = 748AECC91568EFA000E7875E /* PBXContainerItemProxy */;
			sourceTree = BUILT_PRODUCTS_DIR;
		};
		748AECCC1568EFA000E7875E /* RestKitTests.octest */ = {
			isa = PBXReferenceProxy;
			fileType = wrapper.cfbundle;
			path = RestKitTests.octest;
			remoteRef = 748AECCB1568EFA000E7875E /* PBXContainerItemProxy */;
			sourceTree = BUILT_PRODUCTS_DIR;
		};
		748AECCE1568EFA000E7875E /* RestKit.framework */ = {
			isa = PBXReferenceProxy;
			fileType = wrapper.framework;
			path = RestKit.framework;
			remoteRef = 748AECCD1568EFA000E7875E /* PBXContainerItemProxy */;
			sourceTree = BUILT_PRODUCTS_DIR;
		};
		748AECD01568EFA000E7875E /* RestKitFrameworkTests.octest */ = {
			isa = PBXReferenceProxy;
			fileType = wrapper.cfbundle;
			path = RestKitFrameworkTests.octest;
			remoteRef = 748AECCF1568EFA000E7875E /* PBXContainerItemProxy */;
			sourceTree = BUILT_PRODUCTS_DIR;
		};
		748AECD21568EFA000E7875E /* RestKitResources.bundle */ = {
			isa = PBXReferenceProxy;
			fileType = wrapper.cfbundle;
			path = RestKitResources.bundle;
			remoteRef = 748AECD11568EFA000E7875E /* PBXContainerItemProxy */;
			sourceTree = BUILT_PRODUCTS_DIR;
		};
/* End PBXReferenceProxy section */

/* Begin PBXResourcesBuildPhase section */
		748AEC831568EEF100E7875E /* Resources */ = {
			isa = PBXResourcesBuildPhase;
			buildActionMask = 2147483647;
			files = (
				748AEC961568EEF100E7875E /* InfoPlist.strings in Resources */,
				748AEC9F1568EEF100E7875E /* MainStoryboard.storyboard in Resources */,
				748AECF91568F00300E7875E /* Icon.png in Resources */,
				748AECFA1568F00300E7875E /* start.png in Resources */,
			);
			runOnlyForDeploymentPostprocessing = 0;
		};
/* End PBXResourcesBuildPhase section */

/* Begin PBXSourcesBuildPhase section */
		748AEC811568EEF100E7875E /* Sources */ = {
			isa = PBXSourcesBuildPhase;
			buildActionMask = 2147483647;
			files = (
				748AED0B1568F0D300E7875E /* TweetViewController.m in Sources */,
				748AED0C1568F0D300E7875E /* TwitterOAuthLogic.m in Sources */,
				748AED0D1568F0D300E7875E /* TwitterPublicSyncLogic.m in Sources */,
				748AED0E1568F0D300E7875E /* TwitterTimeLineLogic.m in Sources */,
				748AED0F1568F0D300E7875E /* WebViewController.m in Sources */,
				748AED101568F0D300E7875E /* PostTweetLogic.m in Sources */,
				748AED111568F0D300E7875E /* StartViewController.m in Sources */,
				748AED121568F0D300E7875E /* HeaderView.m in Sources */,
				748AED131568F0D300E7875E /* GTMHTTPFetcher.m in Sources */,
				748AED141568F0D300E7875E /* GTMOAuthAuthentication.m in Sources */,
				748AED151568F0D300E7875E /* GTMOAuthSignIn.m in Sources */,
				748AED161568F0D300E7875E /* GTMOAuthViewControllerTouch.m in Sources */,
				748AED171568F0D300E7875E /* NSObject+SBJson.m in Sources */,
				748AED181568F0D300E7875E /* SBJsonParser.m in Sources */,
				748AED191568F0D300E7875E /* SBJsonStreamParser.m in Sources */,
				748AED1A1568F0D300E7875E /* SBJsonStreamParserAccumulator.m in Sources */,
				748AED1B1568F0D300E7875E /* SBJsonStreamParserAdapter.m in Sources */,
				748AED1C1568F0D300E7875E /* SBJsonStreamParserState.m in Sources */,
				748AED1D1568F0D300E7875E /* SBJsonStreamWriter.m in Sources */,
				748AED1E1568F0D300E7875E /* SBJsonStreamWriterAccumulator.m in Sources */,
				748AED1F1568F0D300E7875E /* SBJsonStreamWriterState.m in Sources */,
				748AED201568F0D300E7875E /* SBJsonTokeniser.m in Sources */,
				748AED211568F0D300E7875E /* SBJsonUTF8Stream.m in Sources */,
				748AED221568F0D300E7875E /* SBJsonWriter.m in Sources */,
				748AEC981568EEF100E7875E /* main.m in Sources */,
				748AEC9C1568EEF100E7875E /* AppDelegate.m in Sources */,
				748AECA21568EEF100E7875E /* OfflineView.xcdatamodeld in Sources */,
				748AECA51568EEF100E7875E /* MasterViewController.m in Sources */,
				748AECA81568EEF100E7875E /* DetailViewController.m in Sources */,
				748AED281568F13E00E7875E /* TweetStatus.m in Sources */,
				748AED2B1568F14000E7875E /* TweetUser.m in Sources */,
			);
			runOnlyForDeploymentPostprocessing = 0;
		};
/* End PBXSourcesBuildPhase section */

/* Begin PBXTargetDependency section */
		748AECFC1568F06800E7875E /* PBXTargetDependency */ = {
			isa = PBXTargetDependency;
			name = RestKit;
			targetProxy = 748AECFB1568F06800E7875E /* PBXContainerItemProxy */;
		};
/* End PBXTargetDependency section */

/* Begin PBXVariantGroup section */
		748AEC941568EEF100E7875E /* InfoPlist.strings */ = {
			isa = PBXVariantGroup;
			children = (
				748AEC951568EEF100E7875E /* en */,
			);
			name = InfoPlist.strings;
			sourceTree = "<group>";
		};
		748AEC9D1568EEF100E7875E /* MainStoryboard.storyboard */ = {
			isa = PBXVariantGroup;
			children = (
				748AEC9E1568EEF100E7875E /* en */,
			);
			name = MainStoryboard.storyboard;
			sourceTree = "<group>";
		};
/* End PBXVariantGroup section */

/* Begin XCBuildConfiguration section */
		748AECA91568EEF100E7875E /* Debug */ = {
			isa = XCBuildConfiguration;
			buildSettings = {
				ALWAYS_SEARCH_USER_PATHS = NO;
				ARCHS = "$(ARCHS_STANDARD_32_BIT)";
				CLANG_ENABLE_OBJC_ARC = YES;
				"CODE_SIGN_IDENTITY[sdk=iphoneos*]" = "iPhone Developer";
				COPY_PHASE_STRIP = NO;
				GCC_C_LANGUAGE_STANDARD = gnu99;
				GCC_DYNAMIC_NO_PIC = NO;
				GCC_OPTIMIZATION_LEVEL = 0;
				GCC_PREPROCESSOR_DEFINITIONS = (
					"DEBUG=1",
					"$(inherited)",
				);
				GCC_SYMBOLS_PRIVATE_EXTERN = NO;
				GCC_VERSION = com.apple.compilers.llvm.clang.1_0;
				GCC_WARN_ABOUT_RETURN_TYPE = YES;
				GCC_WARN_UNINITIALIZED_AUTOS = YES;
				GCC_WARN_UNUSED_VARIABLE = YES;
				IPHONEOS_DEPLOYMENT_TARGET = 5.1;
				SDKROOT = iphoneos;
			};
			name = Debug;
		};
		748AECAA1568EEF100E7875E /* Release */ = {
			isa = XCBuildConfiguration;
			buildSettings = {
				ALWAYS_SEARCH_USER_PATHS = NO;
				ARCHS = "$(ARCHS_STANDARD_32_BIT)";
				CLANG_ENABLE_OBJC_ARC = YES;
				"CODE_SIGN_IDENTITY[sdk=iphoneos*]" = "iPhone Developer";
				COPY_PHASE_STRIP = YES;
				GCC_C_LANGUAGE_STANDARD = gnu99;
				GCC_VERSION = com.apple.compilers.llvm.clang.1_0;
				GCC_WARN_ABOUT_RETURN_TYPE = YES;
				GCC_WARN_UNINITIALIZED_AUTOS = YES;
				GCC_WARN_UNUSED_VARIABLE = YES;
				IPHONEOS_DEPLOYMENT_TARGET = 5.1;
				OTHER_CFLAGS = "-DNS_BLOCK_ASSERTIONS=1";
				SDKROOT = iphoneos;
				VALIDATE_PRODUCT = YES;
			};
			name = Release;
		};
		748AECAC1568EEF100E7875E /* Debug */ = {
			isa = XCBuildConfiguration;
			buildSettings = {
				GCC_PRECOMPILE_PREFIX_HEADER = YES;
				GCC_PREFIX_HEADER = "OfflineView/OfflineView-Prefix.pch";
				HEADER_SEARCH_PATHS = "\"$(BUILT_PRODUCTS_DIR)/../../Headers\"";
				INFOPLIST_FILE = "OfflineView/OfflineView-Info.plist";
				OTHER_LDFLAGS = (
					"-ObjC",
					"-all_load",
				);
				PRODUCT_NAME = "$(TARGET_NAME)";
				WRAPPER_EXTENSION = app;
			};
			name = Debug;
		};
		748AECAD1568EEF100E7875E /* Release */ = {
			isa = XCBuildConfiguration;
			buildSettings = {
				GCC_PRECOMPILE_PREFIX_HEADER = YES;
				GCC_PREFIX_HEADER = "OfflineView/OfflineView-Prefix.pch";
				HEADER_SEARCH_PATHS = "\"$(BUILT_PRODUCTS_DIR)/../../Headers\"";
				INFOPLIST_FILE = "OfflineView/OfflineView-Info.plist";
				OTHER_LDFLAGS = (
					"-ObjC",
					"-all_load",
				);
				PRODUCT_NAME = "$(TARGET_NAME)";
				WRAPPER_EXTENSION = app;
			};
			name = Release;
		};
/* End XCBuildConfiguration section */

/* Begin XCConfigurationList section */
		748AEC7F1568EEF100E7875E /* Build configuration list for PBXProject "OfflineView" */ = {
			isa = XCConfigurationList;
			buildConfigurations = (
				748AECA91568EEF100E7875E /* Debug */,
				748AECAA1568EEF100E7875E /* Release */,
			);
			defaultConfigurationIsVisible = 0;
			defaultConfigurationName = Release;
		};
		748AECAB1568EEF100E7875E /* Build configuration list for PBXNativeTarget "OfflineView" */ = {
			isa = XCConfigurationList;
			buildConfigurations = (
				748AECAC1568EEF100E7875E /* Debug */,
				748AECAD1568EEF100E7875E /* Release */,
			);
			defaultConfigurationIsVisible = 0;
			defaultConfigurationName = Release;
		};
/* End XCConfigurationList section */

/* Begin XCVersionGroup section */
		748AECA01568EEF100E7875E /* OfflineView.xcdatamodeld */ = {
			isa = XCVersionGroup;
			children = (
				748AECA11568EEF100E7875E /* OfflineView.xcdatamodel */,
			);
			currentVersion = 748AECA11568EEF100E7875E /* OfflineView.xcdatamodel */;
			path = OfflineView.xcdatamodeld;
			sourceTree = "<group>";
			versionGroupType = wrapper.xcdatamodel;
		};
/* End XCVersionGroup section */
	};
	rootObject = 748AEC7C1568EEF100E7875E /* Project object */;
}
